// !$*UTF8*$!
{
	archiveVersion = 1;
	classes = {
	};
	objectVersion = 46;
	objects = {

/* Begin PBXBuildFile section */
		00C302E51ABCBA2D00DB3ED1 /* libRCTActionSheet.a in Frameworks */ = {isa = PBXBuildFile; fileRef = 00C302AC1ABCB8CE00DB3ED1 /* libRCTActionSheet.a */; };
		00C302E71ABCBA2D00DB3ED1 /* libRCTGeolocation.a in Frameworks */ = {isa = PBXBuildFile; fileRef = 00C302BA1ABCB90400DB3ED1 /* libRCTGeolocation.a */; };
		00C302E81ABCBA2D00DB3ED1 /* libRCTImage.a in Frameworks */ = {isa = PBXBuildFile; fileRef = 00C302C01ABCB91800DB3ED1 /* libRCTImage.a */; };
		00C302E91ABCBA2D00DB3ED1 /* libRCTNetwork.a in Frameworks */ = {isa = PBXBuildFile; fileRef = 00C302DC1ABCB9D200DB3ED1 /* libRCTNetwork.a */; };
		00C302EA1ABCBA2D00DB3ED1 /* libRCTVibration.a in Frameworks */ = {isa = PBXBuildFile; fileRef = 00C302E41ABCB9EE00DB3ED1 /* libRCTVibration.a */; };
		133E29F31AD74F7200F7D852 /* libRCTLinking.a in Frameworks */ = {isa = PBXBuildFile; fileRef = 78C398B91ACF4ADC00677621 /* libRCTLinking.a */; };
		139105C61AF99C1200B5F7CC /* libRCTSettings.a in Frameworks */ = {isa = PBXBuildFile; fileRef = 139105C11AF99BAD00B5F7CC /* libRCTSettings.a */; };
		139FDEF61B0652A700C62182 /* libRCTWebSocket.a in Frameworks */ = {isa = PBXBuildFile; fileRef = 139FDEF41B06529B00C62182 /* libRCTWebSocket.a */; };
		13B07FBC1A68108700A75B9A /* AppDelegate.m in Sources */ = {isa = PBXBuildFile; fileRef = 13B07FB01A68108700A75B9A /* AppDelegate.m */; };
		13B07FBD1A68108700A75B9A /* LaunchScreen.xib in Resources */ = {isa = PBXBuildFile; fileRef = 13B07FB11A68108700A75B9A /* LaunchScreen.xib */; };
		13B07FBF1A68108700A75B9A /* Images.xcassets in Resources */ = {isa = PBXBuildFile; fileRef = 13B07FB51A68108700A75B9A /* Images.xcassets */; };
		13B07FC11A68108700A75B9A /* main.m in Sources */ = {isa = PBXBuildFile; fileRef = 13B07FB71A68108700A75B9A /* main.m */; };
		146834051AC3E58100842450 /* libReact.a in Frameworks */ = {isa = PBXBuildFile; fileRef = 146834041AC3E56700842450 /* libReact.a */; };
		2D16A3521D7622B000FBCFFD /* DINPro.otf in Resources */ = {isa = PBXBuildFile; fileRef = 2D16A3511D7622B000FBCFFD /* DINPro.otf */; };
		2D16A3621D78F47D00FBCFFD /* DINPro-Bold.otf in Resources */ = {isa = PBXBuildFile; fileRef = 2D16A35F1D78F47D00FBCFFD /* DINPro-Bold.otf */; };
		2D16A3631D78F47D00FBCFFD /* DINPro-Italic.otf in Resources */ = {isa = PBXBuildFile; fileRef = 2D16A3601D78F47D00FBCFFD /* DINPro-Italic.otf */; };
		2D16A3641D78F47D00FBCFFD /* DINPro-Medium.otf in Resources */ = {isa = PBXBuildFile; fileRef = 2D16A3611D78F47D00FBCFFD /* DINPro-Medium.otf */; };
		2D21169E1DC187B50096EAFB /* EventNotificationCenter.m in Sources */ = {isa = PBXBuildFile; fileRef = 2D21169D1DC187B50096EAFB /* EventNotificationCenter.m */; };
		2D35E8DE1DADDBA8009A5FF2 /* VideoControllerManager.m in Sources */ = {isa = PBXBuildFile; fileRef = 2D35E8DD1DADDBA8009A5FF2 /* VideoControllerManager.m */; };
		2D5C9C941D3FFD970028B3D9 /* CustomComponent.m in Sources */ = {isa = PBXBuildFile; fileRef = 2D5C9C931D3FFD970028B3D9 /* CustomComponent.m */; };
		2D6CA0F61DDC081B008332A1 /* cmdutils.c in Sources */ = {isa = PBXBuildFile; fileRef = 2D6C9FDE1DDC081B008332A1 /* cmdutils.c */; };
		2D6CA0F71DDC081B008332A1 /* libavcodec.a in Frameworks */ = {isa = PBXBuildFile; fileRef = 2D6CA0651DDC081B008332A1 /* libavcodec.a */; };
		2D6CA0F81DDC081B008332A1 /* libavformat.a in Frameworks */ = {isa = PBXBuildFile; fileRef = 2D6CA0661DDC081B008332A1 /* libavformat.a */; };
		2D6CA0F91DDC081B008332A1 /* libavutil.a in Frameworks */ = {isa = PBXBuildFile; fileRef = 2D6CA0671DDC081B008332A1 /* libavutil.a */; };
		2D6CA0FA1DDC081B008332A1 /* libswresample.a in Frameworks */ = {isa = PBXBuildFile; fileRef = 2D6CA0681DDC081B008332A1 /* libswresample.a */; };
		2D6CA0FB1DDC081B008332A1 /* libswscale.a in Frameworks */ = {isa = PBXBuildFile; fileRef = 2D6CA0691DDC081B008332A1 /* libswscale.a */; };
		2D6CA0FC1DDC081B008332A1 /* libcrypto.a in Frameworks */ = {isa = PBXBuildFile; fileRef = 2D6CA0B91DDC081B008332A1 /* libcrypto.a */; };
		2D6CA0FD1DDC081B008332A1 /* libssl.a in Frameworks */ = {isa = PBXBuildFile; fileRef = 2D6CA0BA1DDC081B008332A1 /* libssl.a */; };
		2D6CA0FE1DDC081B008332A1 /* VKReachability.m in Sources */ = {isa = PBXBuildFile; fileRef = 2D6CA0BD1DDC081B008332A1 /* VKReachability.m */; settings = {COMPILER_FLAGS = "-fno-objc-arc"; }; };
		2D6CA0FF1DDC081B008332A1 /* VKFullscreenContainer.m in Sources */ = {isa = PBXBuildFile; fileRef = 2D6CA0C01DDC081B008332A1 /* VKFullscreenContainer.m */; settings = {COMPILER_FLAGS = "-fno-objc-arc"; }; };
		2D6CA1001DDC081B008332A1 /* VKPlayerController.m in Sources */ = {isa = PBXBuildFile; fileRef = 2D6CA0C21DDC081B008332A1 /* VKPlayerController.m */; settings = {COMPILER_FLAGS = "-fno-objc-arc"; }; };
		2D6CA1011DDC081B008332A1 /* VKPlayerControllerBase.m in Sources */ = {isa = PBXBuildFile; fileRef = 2D6CA0C41DDC081B008332A1 /* VKPlayerControllerBase.m */; settings = {COMPILER_FLAGS = "-fno-objc-arc"; }; };
		2D6CA1021DDC081B008332A1 /* VKScrollViewContainer.m in Sources */ = {isa = PBXBuildFile; fileRef = 2D6CA0C61DDC081B008332A1 /* VKScrollViewContainer.m */; settings = {COMPILER_FLAGS = "-fno-objc-arc"; }; };
		2D6CA1031DDC081B008332A1 /* VideoKitCore.a in Frameworks */ = {isa = PBXBuildFile; fileRef = 2D6CA0C81DDC081B008332A1 /* VideoKitCore.a */; };
		2D6CA1041DDC081B008332A1 /* VKAVDecodeManager.m in Sources */ = {isa = PBXBuildFile; fileRef = 2D6CA0CB1DDC081B008332A1 /* VKAVDecodeManager.m */; settings = {COMPILER_FLAGS = "-fno-objc-arc"; }; };
		2D6CA10F1DDC081B008332A1 /* license-form.plist in Resources */ = {isa = PBXBuildFile; fileRef = 2D6CA0E61DDC081B008332A1 /* license-form.plist */; };
		2D6CA1101DDC081B008332A1 /* VKPlayerViewController.m in Sources */ = {isa = PBXBuildFile; fileRef = 2D6CA0E91DDC081B008332A1 /* VKPlayerViewController.m */; settings = {COMPILER_FLAGS = "-fno-objc-arc"; }; };
		2D6CA1111DDC081B008332A1 /* VKGLES2View.m in Sources */ = {isa = PBXBuildFile; fileRef = 2D6CA0EC1DDC081B008332A1 /* VKGLES2View.m */; settings = {COMPILER_FLAGS = "-fno-objc-arc"; }; };
		2D6CA1121DDC081B008332A1 /* VKGLES2ViewRGB.m in Sources */ = {isa = PBXBuildFile; fileRef = 2D6CA0EE1DDC081B008332A1 /* VKGLES2ViewRGB.m */; settings = {COMPILER_FLAGS = "-fno-objc-arc"; }; };
		2D6CA1131DDC081B008332A1 /* VKGLES2ViewYUV.m in Sources */ = {isa = PBXBuildFile; fileRef = 2D6CA0F01DDC081B008332A1 /* VKGLES2ViewYUV.m */; settings = {COMPILER_FLAGS = "-fno-objc-arc"; }; };
		2D6CA1141DDC081B008332A1 /* VKGLES2ViewYUVVT.m in Sources */ = {isa = PBXBuildFile; fileRef = 2D6CA0F21DDC081B008332A1 /* VKGLES2ViewYUVVT.m */; settings = {COMPILER_FLAGS = "-fno-objc-arc"; }; };
		2D6CA1151DDC081B008332A1 /* VKStreamInfoView.m in Sources */ = {isa = PBXBuildFile; fileRef = 2D6CA0F41DDC081B008332A1 /* VKStreamInfoView.m */; settings = {COMPILER_FLAGS = "-fno-objc-arc"; }; };
		2D6CA1161DDC081B008332A1 /* VKImages.bundle in Resources */ = {isa = PBXBuildFile; fileRef = 2D6CA0F51DDC081B008332A1 /* VKImages.bundle */; };
		2D6F25D61DECC9C500FD16BC /* UserNotifications.framework in Frameworks */ = {isa = PBXBuildFile; fileRef = 2D6F25D51DECC9C500FD16BC /* UserNotifications.framework */; };
		2D8D4EEC1DECC0E800E2A42A /* GoogleService-Info.plist in Resources */ = {isa = PBXBuildFile; fileRef = 2D8D4EEB1DECC0E800E2A42A /* GoogleService-Info.plist */; };
		2D8F16B41DAD640700400ED9 /* libz.tbd in Frameworks */ = {isa = PBXBuildFile; fileRef = 2D8F16B31DAD640700400ED9 /* libz.tbd */; };
		2D8F16B61DAD641B00400ED9 /* libiconv.tbd in Frameworks */ = {isa = PBXBuildFile; fileRef = 2D8F16B51DAD641B00400ED9 /* libiconv.tbd */; };
		2D8F16B81DAD644100400ED9 /* QuartzCore.framework in Frameworks */ = {isa = PBXBuildFile; fileRef = 2D8F16B71DAD644100400ED9 /* QuartzCore.framework */; };
		2D8F16BA1DAD645200400ED9 /* SystemConfiguration.framework in Frameworks */ = {isa = PBXBuildFile; fileRef = 2D8F16B91DAD645200400ED9 /* SystemConfiguration.framework */; };
		2D8F16BC1DAD646500400ED9 /* MediaPlayer.framework in Frameworks */ = {isa = PBXBuildFile; fileRef = 2D8F16BB1DAD646500400ED9 /* MediaPlayer.framework */; };
		2D8F16BE1DAD647900400ED9 /* AudioToolbox.framework in Frameworks */ = {isa = PBXBuildFile; fileRef = 2D8F16BD1DAD647900400ED9 /* AudioToolbox.framework */; };
		2D8F16C01DAD649A00400ED9 /* OpenGLES.framework in Frameworks */ = {isa = PBXBuildFile; fileRef = 2D8F16BF1DAD649A00400ED9 /* OpenGLES.framework */; };
		2D8F16C21DAD64D900400ED9 /* AVFoundation.framework in Frameworks */ = {isa = PBXBuildFile; fileRef = 2D8F16C11DAD64D900400ED9 /* AVFoundation.framework */; };
		2D8F16C41DAD64E300400ED9 /* VideoToolbox.framework in Frameworks */ = {isa = PBXBuildFile; fileRef = 2D8F16C31DAD64E300400ED9 /* VideoToolbox.framework */; };
		2D8F16C61DAD64F100400ED9 /* CoreVideo.framework in Frameworks */ = {isa = PBXBuildFile; fileRef = 2D8F16C51DAD64F100400ED9 /* CoreVideo.framework */; };
		2D8F16C81DAD64FD00400ED9 /* CoreMedia.framework in Frameworks */ = {isa = PBXBuildFile; fileRef = 2D8F16C71DAD64FD00400ED9 /* CoreMedia.framework */; };
		2D8F16CA1DAD650B00400ED9 /* GLKit.framework in Frameworks */ = {isa = PBXBuildFile; fileRef = 2D8F16C91DAD650B00400ED9 /* GLKit.framework */; };
		2DF4FB6F1D66C6F3004F0EEE /* libRCTCamera.a in Frameworks */ = {isa = PBXBuildFile; fileRef = 2DF4FB641D66C658004F0EEE /* libRCTCamera.a */; };
		6754449FB292F8A46BE465F8 /* libPods-owalMobile.a in Frameworks */ = {isa = PBXBuildFile; fileRef = A86F5F556ED14C3E91A6A6B6 /* libPods-owalMobile.a */; };
		832341BD1AAA6AB300B99B32 /* libRCTText.a in Frameworks */ = {isa = PBXBuildFile; fileRef = 832341B51AAA6A8300B99B32 /* libRCTText.a */; };
		CFF41E2FCCC4495EA17D9453 /* libRCTOrientation.a in Frameworks */ = {isa = PBXBuildFile; fileRef = 97CCDFDF36C64942BCD1AD65 /* libRCTOrientation.a */; };
		F5D58B3EA4334DB6AEDE682C /* libRNFIRMessaging.a in Frameworks */ = {isa = PBXBuildFile; fileRef = 6191E7B755EA4BEC9082D99F /* libRNFIRMessaging.a */; };
/* End PBXBuildFile section */

/* Begin PBXContainerItemProxy section */
		00C302AB1ABCB8CE00DB3ED1 /* PBXContainerItemProxy */ = {
			isa = PBXContainerItemProxy;
			containerPortal = 00C302A71ABCB8CE00DB3ED1 /* RCTActionSheet.xcodeproj */;
			proxyType = 2;
			remoteGlobalIDString = 134814201AA4EA6300B7C361;
			remoteInfo = RCTActionSheet;
		};
		00C302B91ABCB90400DB3ED1 /* PBXContainerItemProxy */ = {
			isa = PBXContainerItemProxy;
			containerPortal = 00C302B51ABCB90400DB3ED1 /* RCTGeolocation.xcodeproj */;
			proxyType = 2;
			remoteGlobalIDString = 134814201AA4EA6300B7C361;
			remoteInfo = RCTGeolocation;
		};
		00C302BF1ABCB91800DB3ED1 /* PBXContainerItemProxy */ = {
			isa = PBXContainerItemProxy;
			containerPortal = 00C302BB1ABCB91800DB3ED1 /* RCTImage.xcodeproj */;
			proxyType = 2;
			remoteGlobalIDString = 58B5115D1A9E6B3D00147676;
			remoteInfo = RCTImage;
		};
		00C302DB1ABCB9D200DB3ED1 /* PBXContainerItemProxy */ = {
			isa = PBXContainerItemProxy;
			containerPortal = 00C302D31ABCB9D200DB3ED1 /* RCTNetwork.xcodeproj */;
			proxyType = 2;
			remoteGlobalIDString = 58B511DB1A9E6C8500147676;
			remoteInfo = RCTNetwork;
		};
		00C302E31ABCB9EE00DB3ED1 /* PBXContainerItemProxy */ = {
			isa = PBXContainerItemProxy;
			containerPortal = 00C302DF1ABCB9EE00DB3ED1 /* RCTVibration.xcodeproj */;
			proxyType = 2;
			remoteGlobalIDString = 832C81801AAF6DEF007FA2F7;
			remoteInfo = RCTVibration;
		};
		139105C01AF99BAD00B5F7CC /* PBXContainerItemProxy */ = {
			isa = PBXContainerItemProxy;
			containerPortal = 139105B61AF99BAD00B5F7CC /* RCTSettings.xcodeproj */;
			proxyType = 2;
			remoteGlobalIDString = 134814201AA4EA6300B7C361;
			remoteInfo = RCTSettings;
		};
		139FDEF31B06529B00C62182 /* PBXContainerItemProxy */ = {
			isa = PBXContainerItemProxy;
			containerPortal = 139FDEE61B06529A00C62182 /* RCTWebSocket.xcodeproj */;
			proxyType = 2;
			remoteGlobalIDString = 3C86DF461ADF2C930047B81A;
			remoteInfo = RCTWebSocket;
		};
		146834031AC3E56700842450 /* PBXContainerItemProxy */ = {
			isa = PBXContainerItemProxy;
			containerPortal = 146833FF1AC3E56700842450 /* React.xcodeproj */;
			proxyType = 2;
			remoteGlobalIDString = 83CBBA2E1A601D0E00E9B192;
			remoteInfo = React;
		};
		2D35E8EB1DADDBA9009A5FF2 /* PBXContainerItemProxy */ = {
			isa = PBXContainerItemProxy;
			containerPortal = 3F5DB161C4F74E838B8EFC46 /* RNSVG.xcodeproj */;
			proxyType = 2;
			remoteGlobalIDString = 0CF68AC11AF0540F00FF9E5C;
			remoteInfo = RNSVG;
		};
		2D4EB60A1DECB6C1009E39FC /* PBXContainerItemProxy */ = {
			isa = PBXContainerItemProxy;
			containerPortal = CEF7ED314C9E4971A9E23E30 /* RNFIRMessaging.xcodeproj */;
			proxyType = 2;
			remoteGlobalIDString = 134814201AA4EA6300B7C361;
			remoteInfo = RNFIRMessaging;
		};
		2DA350411DBAF7BC00DEC2A6 /* PBXContainerItemProxy */ = {
			isa = PBXContainerItemProxy;
			containerPortal = 5CCCB31A000E40C891DE6E5D /* RCTOrientation.xcodeproj */;
			proxyType = 2;
			remoteGlobalIDString = 134814201AA4EA6300B7C361;
			remoteInfo = RCTOrientation;
		};
		2DF4FB631D66C658004F0EEE /* PBXContainerItemProxy */ = {
			isa = PBXContainerItemProxy;
			containerPortal = 2DF4FB5D1D66C657004F0EEE /* RCTCamera.xcodeproj */;
			proxyType = 2;
			remoteGlobalIDString = 4107012F1ACB723B00C6AA39;
			remoteInfo = RCTCamera;
		};
		78C398B81ACF4ADC00677621 /* PBXContainerItemProxy */ = {
			isa = PBXContainerItemProxy;
			containerPortal = 78C398B01ACF4ADC00677621 /* RCTLinking.xcodeproj */;
			proxyType = 2;
			remoteGlobalIDString = 134814201AA4EA6300B7C361;
			remoteInfo = RCTLinking;
		};
		832341B41AAA6A8300B99B32 /* PBXContainerItemProxy */ = {
			isa = PBXContainerItemProxy;
			containerPortal = 832341B01AAA6A8300B99B32 /* RCTText.xcodeproj */;
			proxyType = 2;
			remoteGlobalIDString = 58B5119B1A9E6C1200147676;
			remoteInfo = RCTText;
		};
/* End PBXContainerItemProxy section */

/* Begin PBXFileReference section */
		008F07F21AC5B25A0029DE68 /* main.jsbundle */ = {isa = PBXFileReference; fileEncoding = 4; lastKnownFileType = text; path = main.jsbundle; sourceTree = "<group>"; };
		00C302A71ABCB8CE00DB3ED1 /* RCTActionSheet.xcodeproj */ = {isa = PBXFileReference; lastKnownFileType = "wrapper.pb-project"; name = RCTActionSheet.xcodeproj; path = "../node_modules/react-native/Libraries/ActionSheetIOS/RCTActionSheet.xcodeproj"; sourceTree = "<group>"; };
		00C302B51ABCB90400DB3ED1 /* RCTGeolocation.xcodeproj */ = {isa = PBXFileReference; lastKnownFileType = "wrapper.pb-project"; name = RCTGeolocation.xcodeproj; path = "../node_modules/react-native/Libraries/Geolocation/RCTGeolocation.xcodeproj"; sourceTree = "<group>"; };
		00C302BB1ABCB91800DB3ED1 /* RCTImage.xcodeproj */ = {isa = PBXFileReference; lastKnownFileType = "wrapper.pb-project"; name = RCTImage.xcodeproj; path = "../node_modules/react-native/Libraries/Image/RCTImage.xcodeproj"; sourceTree = "<group>"; };
		00C302D31ABCB9D200DB3ED1 /* RCTNetwork.xcodeproj */ = {isa = PBXFileReference; lastKnownFileType = "wrapper.pb-project"; name = RCTNetwork.xcodeproj; path = "../node_modules/react-native/Libraries/Network/RCTNetwork.xcodeproj"; sourceTree = "<group>"; };
		00C302DF1ABCB9EE00DB3ED1 /* RCTVibration.xcodeproj */ = {isa = PBXFileReference; lastKnownFileType = "wrapper.pb-project"; name = RCTVibration.xcodeproj; path = "../node_modules/react-native/Libraries/Vibration/RCTVibration.xcodeproj"; sourceTree = "<group>"; };
		00E356F11AD99517003FC87E /* Info.plist */ = {isa = PBXFileReference; lastKnownFileType = text.plist.xml; path = Info.plist; sourceTree = "<group>"; };
		00E356F21AD99517003FC87E /* owalMobileTests.m */ = {isa = PBXFileReference; lastKnownFileType = sourcecode.c.objc; path = owalMobileTests.m; sourceTree = "<group>"; };
		139105B61AF99BAD00B5F7CC /* RCTSettings.xcodeproj */ = {isa = PBXFileReference; lastKnownFileType = "wrapper.pb-project"; name = RCTSettings.xcodeproj; path = "../node_modules/react-native/Libraries/Settings/RCTSettings.xcodeproj"; sourceTree = "<group>"; };
		139FDEE61B06529A00C62182 /* RCTWebSocket.xcodeproj */ = {isa = PBXFileReference; lastKnownFileType = "wrapper.pb-project"; name = RCTWebSocket.xcodeproj; path = "../node_modules/react-native/Libraries/WebSocket/RCTWebSocket.xcodeproj"; sourceTree = "<group>"; };
		13B07F961A680F5B00A75B9A /* owalMobile.app */ = {isa = PBXFileReference; explicitFileType = wrapper.application; includeInIndex = 0; path = owalMobile.app; sourceTree = BUILT_PRODUCTS_DIR; };
		13B07FAF1A68108700A75B9A /* AppDelegate.h */ = {isa = PBXFileReference; fileEncoding = 4; lastKnownFileType = sourcecode.c.h; name = AppDelegate.h; path = owalMobile/AppDelegate.h; sourceTree = "<group>"; };
		13B07FB01A68108700A75B9A /* AppDelegate.m */ = {isa = PBXFileReference; fileEncoding = 4; lastKnownFileType = sourcecode.c.objc; name = AppDelegate.m; path = owalMobile/AppDelegate.m; sourceTree = "<group>"; };
		13B07FB21A68108700A75B9A /* Base */ = {isa = PBXFileReference; lastKnownFileType = file.xib; name = Base; path = Base.lproj/LaunchScreen.xib; sourceTree = "<group>"; };
		13B07FB51A68108700A75B9A /* Images.xcassets */ = {isa = PBXFileReference; lastKnownFileType = folder.assetcatalog; name = Images.xcassets; path = owalMobile/Images.xcassets; sourceTree = "<group>"; };
		13B07FB61A68108700A75B9A /* Info.plist */ = {isa = PBXFileReference; fileEncoding = 4; lastKnownFileType = text.plist.xml; name = Info.plist; path = owalMobile/Info.plist; sourceTree = "<group>"; };
		13B07FB71A68108700A75B9A /* main.m */ = {isa = PBXFileReference; fileEncoding = 4; lastKnownFileType = sourcecode.c.objc; name = main.m; path = owalMobile/main.m; sourceTree = "<group>"; };
		146833FF1AC3E56700842450 /* React.xcodeproj */ = {isa = PBXFileReference; lastKnownFileType = "wrapper.pb-project"; name = React.xcodeproj; path = "../node_modules/react-native/React/React.xcodeproj"; sourceTree = "<group>"; };
		2D16A3511D7622B000FBCFFD /* DINPro.otf */ = {isa = PBXFileReference; lastKnownFileType = file; path = DINPro.otf; sourceTree = "<group>"; };
		2D16A35F1D78F47D00FBCFFD /* DINPro-Bold.otf */ = {isa = PBXFileReference; lastKnownFileType = file; path = "DINPro-Bold.otf"; sourceTree = "<group>"; };
		2D16A3601D78F47D00FBCFFD /* DINPro-Italic.otf */ = {isa = PBXFileReference; lastKnownFileType = file; path = "DINPro-Italic.otf"; sourceTree = "<group>"; };
		2D16A3611D78F47D00FBCFFD /* DINPro-Medium.otf */ = {isa = PBXFileReference; lastKnownFileType = file; path = "DINPro-Medium.otf"; sourceTree = "<group>"; };
		2D21169C1DC187B50096EAFB /* EventNotificationCenter.h */ = {isa = PBXFileReference; fileEncoding = 4; lastKnownFileType = sourcecode.c.h; name = EventNotificationCenter.h; path = owalMobile/EventNotificationCenter.h; sourceTree = "<group>"; };
		2D21169D1DC187B50096EAFB /* EventNotificationCenter.m */ = {isa = PBXFileReference; fileEncoding = 4; lastKnownFileType = sourcecode.c.objc; name = EventNotificationCenter.m; path = owalMobile/EventNotificationCenter.m; sourceTree = "<group>"; };
		2D35E8DC1DADDBA8009A5FF2 /* VideoControllerManager.h */ = {isa = PBXFileReference; fileEncoding = 4; lastKnownFileType = sourcecode.c.h; name = VideoControllerManager.h; path = owalMobile/VideoControllerManager.h; sourceTree = "<group>"; };
		2D35E8DD1DADDBA8009A5FF2 /* VideoControllerManager.m */ = {isa = PBXFileReference; fileEncoding = 4; lastKnownFileType = sourcecode.c.objc; name = VideoControllerManager.m; path = owalMobile/VideoControllerManager.m; sourceTree = "<group>"; };
		2D5C9C921D3FFD970028B3D9 /* CustomComponent.h */ = {isa = PBXFileReference; fileEncoding = 4; lastKnownFileType = sourcecode.c.h; path = CustomComponent.h; sourceTree = "<group>"; };
		2D5C9C931D3FFD970028B3D9 /* CustomComponent.m */ = {isa = PBXFileReference; fileEncoding = 4; lastKnownFileType = sourcecode.c.objc; path = CustomComponent.m; sourceTree = "<group>"; };
		2D6C9FDE1DDC081B008332A1 /* cmdutils.c */ = {isa = PBXFileReference; fileEncoding = 4; lastKnownFileType = sourcecode.c.c; path = cmdutils.c; sourceTree = "<group>"; };
		2D6CA0651DDC081B008332A1 /* libavcodec.a */ = {isa = PBXFileReference; lastKnownFileType = archive.ar; path = libavcodec.a; sourceTree = "<group>"; };
		2D6CA0661DDC081B008332A1 /* libavformat.a */ = {isa = PBXFileReference; lastKnownFileType = archive.ar; path = libavformat.a; sourceTree = "<group>"; };
		2D6CA0671DDC081B008332A1 /* libavutil.a */ = {isa = PBXFileReference; lastKnownFileType = archive.ar; path = libavutil.a; sourceTree = "<group>"; };
		2D6CA0681DDC081B008332A1 /* libswresample.a */ = {isa = PBXFileReference; lastKnownFileType = archive.ar; path = libswresample.a; sourceTree = "<group>"; };
		2D6CA0691DDC081B008332A1 /* libswscale.a */ = {isa = PBXFileReference; lastKnownFileType = archive.ar; path = libswscale.a; sourceTree = "<group>"; };
		2D6CA0B91DDC081B008332A1 /* libcrypto.a */ = {isa = PBXFileReference; lastKnownFileType = archive.ar; path = libcrypto.a; sourceTree = "<group>"; };
		2D6CA0BA1DDC081B008332A1 /* libssl.a */ = {isa = PBXFileReference; lastKnownFileType = archive.ar; path = libssl.a; sourceTree = "<group>"; };
		2D6CA0BC1DDC081B008332A1 /* VKReachability.h */ = {isa = PBXFileReference; fileEncoding = 4; lastKnownFileType = sourcecode.c.h; path = VKReachability.h; sourceTree = "<group>"; };
		2D6CA0BD1DDC081B008332A1 /* VKReachability.m */ = {isa = PBXFileReference; fileEncoding = 4; lastKnownFileType = sourcecode.c.objc; path = VKReachability.m; sourceTree = "<group>"; };
		2D6CA0BF1DDC081B008332A1 /* VKFullscreenContainer.h */ = {isa = PBXFileReference; fileEncoding = 4; lastKnownFileType = sourcecode.c.h; path = VKFullscreenContainer.h; sourceTree = "<group>"; };
		2D6CA0C01DDC081B008332A1 /* VKFullscreenContainer.m */ = {isa = PBXFileReference; fileEncoding = 4; lastKnownFileType = sourcecode.c.objc; path = VKFullscreenContainer.m; sourceTree = "<group>"; };
		2D6CA0C11DDC081B008332A1 /* VKPlayerController.h */ = {isa = PBXFileReference; fileEncoding = 4; lastKnownFileType = sourcecode.c.h; path = VKPlayerController.h; sourceTree = "<group>"; };
		2D6CA0C21DDC081B008332A1 /* VKPlayerController.m */ = {isa = PBXFileReference; fileEncoding = 4; lastKnownFileType = sourcecode.c.objc; path = VKPlayerController.m; sourceTree = "<group>"; };
		2D6CA0C31DDC081B008332A1 /* VKPlayerControllerBase.h */ = {isa = PBXFileReference; fileEncoding = 4; lastKnownFileType = sourcecode.c.h; path = VKPlayerControllerBase.h; sourceTree = "<group>"; };
		2D6CA0C41DDC081B008332A1 /* VKPlayerControllerBase.m */ = {isa = PBXFileReference; fileEncoding = 4; lastKnownFileType = sourcecode.c.objc; path = VKPlayerControllerBase.m; sourceTree = "<group>"; };
		2D6CA0C51DDC081B008332A1 /* VKScrollViewContainer.h */ = {isa = PBXFileReference; fileEncoding = 4; lastKnownFileType = sourcecode.c.h; path = VKScrollViewContainer.h; sourceTree = "<group>"; };
		2D6CA0C61DDC081B008332A1 /* VKScrollViewContainer.m */ = {isa = PBXFileReference; fileEncoding = 4; lastKnownFileType = sourcecode.c.objc; path = VKScrollViewContainer.m; sourceTree = "<group>"; };
		2D6CA0C81DDC081B008332A1 /* VideoKitCore.a */ = {isa = PBXFileReference; lastKnownFileType = archive.ar; path = VideoKitCore.a; sourceTree = "<group>"; };
		2D6CA0C91DDC081B008332A1 /* VKAudioDecoder.h */ = {isa = PBXFileReference; fileEncoding = 4; lastKnownFileType = sourcecode.c.h; path = VKAudioDecoder.h; sourceTree = "<group>"; };
		2D6CA0CA1DDC081B008332A1 /* VKAVDecodeManager.h */ = {isa = PBXFileReference; fileEncoding = 4; lastKnownFileType = sourcecode.c.h; path = VKAVDecodeManager.h; sourceTree = "<group>"; };
		2D6CA0CB1DDC081B008332A1 /* VKAVDecodeManager.m */ = {isa = PBXFileReference; fileEncoding = 4; lastKnownFileType = sourcecode.c.objc; path = VKAVDecodeManager.m; sourceTree = "<group>"; };
		2D6CA0CC1DDC081B008332A1 /* VKClock.h */ = {isa = PBXFileReference; fileEncoding = 4; lastKnownFileType = sourcecode.c.h; path = VKClock.h; sourceTree = "<group>"; };
		2D6CA0CD1DDC081B008332A1 /* VKClockManager.h */ = {isa = PBXFileReference; fileEncoding = 4; lastKnownFileType = sourcecode.c.h; path = VKClockManager.h; sourceTree = "<group>"; };
		2D6CA0CE1DDC081B008332A1 /* VKColorPlane.h */ = {isa = PBXFileReference; fileEncoding = 4; lastKnownFileType = sourcecode.c.h; path = VKColorPlane.h; sourceTree = "<group>"; };
		2D6CA0CF1DDC081B008332A1 /* VKDecodeManager.h */ = {isa = PBXFileReference; fileEncoding = 4; lastKnownFileType = sourcecode.c.h; path = VKDecodeManager.h; sourceTree = "<group>"; };
		2D6CA0D01DDC081B008332A1 /* VKDecoder.h */ = {isa = PBXFileReference; fileEncoding = 4; lastKnownFileType = sourcecode.c.h; path = VKDecoder.h; sourceTree = "<group>"; };
		2D6CA0D11DDC081B008332A1 /* VKManager.h */ = {isa = PBXFileReference; fileEncoding = 4; lastKnownFileType = sourcecode.c.h; path = VKManager.h; sourceTree = "<group>"; };
		2D6CA0D21DDC081B008332A1 /* VKPacket.h */ = {isa = PBXFileReference; fileEncoding = 4; lastKnownFileType = sourcecode.c.h; path = VKPacket.h; sourceTree = "<group>"; };
		2D6CA0D31DDC081B008332A1 /* VKQueue.h */ = {isa = PBXFileReference; fileEncoding = 4; lastKnownFileType = sourcecode.c.h; path = VKQueue.h; sourceTree = "<group>"; };
		2D6CA0D41DDC081B008332A1 /* VKRecorder.h */ = {isa = PBXFileReference; fileEncoding = 4; lastKnownFileType = sourcecode.c.h; path = VKRecorder.h; sourceTree = "<group>"; };
		2D6CA0D51DDC081B008332A1 /* VKVideoDecoder.h */ = {isa = PBXFileReference; fileEncoding = 4; lastKnownFileType = sourcecode.c.h; path = VKVideoDecoder.h; sourceTree = "<group>"; };
		2D6CA0D61DDC081B008332A1 /* VKVideoFrame.h */ = {isa = PBXFileReference; fileEncoding = 4; lastKnownFileType = sourcecode.c.h; path = VKVideoFrame.h; sourceTree = "<group>"; };
		2D6CA0D71DDC081B008332A1 /* VKVideoFrameRGB.h */ = {isa = PBXFileReference; fileEncoding = 4; lastKnownFileType = sourcecode.c.h; path = VKVideoFrameRGB.h; sourceTree = "<group>"; };
		2D6CA0D81DDC081B008332A1 /* VKVideoFrameYUV.h */ = {isa = PBXFileReference; fileEncoding = 4; lastKnownFileType = sourcecode.c.h; path = VKVideoFrameYUV.h; sourceTree = "<group>"; };
		2D6CA0D91DDC081B008332A1 /* VKVideoFrameYUVVT.h */ = {isa = PBXFileReference; fileEncoding = 4; lastKnownFileType = sourcecode.c.h; path = VKVideoFrameYUVVT.h; sourceTree = "<group>"; };
		2D6CA0E61DDC081B008332A1 /* license-form.plist */ = {isa = PBXFileReference; fileEncoding = 4; lastKnownFileType = text.plist.xml; path = "license-form.plist"; sourceTree = "<group>"; };
		2D6CA0E81DDC081B008332A1 /* VKPlayerViewController.h */ = {isa = PBXFileReference; fileEncoding = 4; lastKnownFileType = sourcecode.c.h; path = VKPlayerViewController.h; sourceTree = "<group>"; };
		2D6CA0E91DDC081B008332A1 /* VKPlayerViewController.m */ = {isa = PBXFileReference; fileEncoding = 4; lastKnownFileType = sourcecode.c.objc; path = VKPlayerViewController.m; sourceTree = "<group>"; };
		2D6CA0EB1DDC081B008332A1 /* VKGLES2View.h */ = {isa = PBXFileReference; fileEncoding = 4; lastKnownFileType = sourcecode.c.h; path = VKGLES2View.h; sourceTree = "<group>"; };
		2D6CA0EC1DDC081B008332A1 /* VKGLES2View.m */ = {isa = PBXFileReference; fileEncoding = 4; lastKnownFileType = sourcecode.c.objc; path = VKGLES2View.m; sourceTree = "<group>"; };
		2D6CA0ED1DDC081B008332A1 /* VKGLES2ViewRGB.h */ = {isa = PBXFileReference; fileEncoding = 4; lastKnownFileType = sourcecode.c.h; path = VKGLES2ViewRGB.h; sourceTree = "<group>"; };
		2D6CA0EE1DDC081B008332A1 /* VKGLES2ViewRGB.m */ = {isa = PBXFileReference; fileEncoding = 4; lastKnownFileType = sourcecode.c.objc; path = VKGLES2ViewRGB.m; sourceTree = "<group>"; };
		2D6CA0EF1DDC081B008332A1 /* VKGLES2ViewYUV.h */ = {isa = PBXFileReference; fileEncoding = 4; lastKnownFileType = sourcecode.c.h; path = VKGLES2ViewYUV.h; sourceTree = "<group>"; };
		2D6CA0F01DDC081B008332A1 /* VKGLES2ViewYUV.m */ = {isa = PBXFileReference; fileEncoding = 4; lastKnownFileType = sourcecode.c.objc; path = VKGLES2ViewYUV.m; sourceTree = "<group>"; };
		2D6CA0F11DDC081B008332A1 /* VKGLES2ViewYUVVT.h */ = {isa = PBXFileReference; fileEncoding = 4; lastKnownFileType = sourcecode.c.h; path = VKGLES2ViewYUVVT.h; sourceTree = "<group>"; };
		2D6CA0F21DDC081B008332A1 /* VKGLES2ViewYUVVT.m */ = {isa = PBXFileReference; fileEncoding = 4; lastKnownFileType = sourcecode.c.objc; path = VKGLES2ViewYUVVT.m; sourceTree = "<group>"; };
		2D6CA0F31DDC081B008332A1 /* VKStreamInfoView.h */ = {isa = PBXFileReference; fileEncoding = 4; lastKnownFileType = sourcecode.c.h; path = VKStreamInfoView.h; sourceTree = "<group>"; };
		2D6CA0F41DDC081B008332A1 /* VKStreamInfoView.m */ = {isa = PBXFileReference; fileEncoding = 4; lastKnownFileType = sourcecode.c.objc; path = VKStreamInfoView.m; sourceTree = "<group>"; };
		2D6CA0F51DDC081B008332A1 /* VKImages.bundle */ = {isa = PBXFileReference; lastKnownFileType = "wrapper.plug-in"; path = VKImages.bundle; sourceTree = "<group>"; };
		2D6F25D51DECC9C500FD16BC /* UserNotifications.framework */ = {isa = PBXFileReference; lastKnownFileType = wrapper.framework; name = UserNotifications.framework; path = System/Library/Frameworks/UserNotifications.framework; sourceTree = SDKROOT; };
		2D8D4EEB1DECC0E800E2A42A /* GoogleService-Info.plist */ = {isa = PBXFileReference; fileEncoding = 4; lastKnownFileType = text.plist.xml; path = "GoogleService-Info.plist"; sourceTree = "<group>"; };
		2D8F16B31DAD640700400ED9 /* libz.tbd */ = {isa = PBXFileReference; lastKnownFileType = "sourcecode.text-based-dylib-definition"; name = libz.tbd; path = usr/lib/libz.tbd; sourceTree = SDKROOT; };
		2D8F16B51DAD641B00400ED9 /* libiconv.tbd */ = {isa = PBXFileReference; lastKnownFileType = "sourcecode.text-based-dylib-definition"; name = libiconv.tbd; path = usr/lib/libiconv.tbd; sourceTree = SDKROOT; };
		2D8F16B71DAD644100400ED9 /* QuartzCore.framework */ = {isa = PBXFileReference; lastKnownFileType = wrapper.framework; name = QuartzCore.framework; path = System/Library/Frameworks/QuartzCore.framework; sourceTree = SDKROOT; };
		2D8F16B91DAD645200400ED9 /* SystemConfiguration.framework */ = {isa = PBXFileReference; lastKnownFileType = wrapper.framework; name = SystemConfiguration.framework; path = System/Library/Frameworks/SystemConfiguration.framework; sourceTree = SDKROOT; };
		2D8F16BB1DAD646500400ED9 /* MediaPlayer.framework */ = {isa = PBXFileReference; lastKnownFileType = wrapper.framework; name = MediaPlayer.framework; path = System/Library/Frameworks/MediaPlayer.framework; sourceTree = SDKROOT; };
		2D8F16BD1DAD647900400ED9 /* AudioToolbox.framework */ = {isa = PBXFileReference; lastKnownFileType = wrapper.framework; name = AudioToolbox.framework; path = System/Library/Frameworks/AudioToolbox.framework; sourceTree = SDKROOT; };
		2D8F16BF1DAD649A00400ED9 /* OpenGLES.framework */ = {isa = PBXFileReference; lastKnownFileType = wrapper.framework; name = OpenGLES.framework; path = System/Library/Frameworks/OpenGLES.framework; sourceTree = SDKROOT; };
		2D8F16C11DAD64D900400ED9 /* AVFoundation.framework */ = {isa = PBXFileReference; lastKnownFileType = wrapper.framework; name = AVFoundation.framework; path = System/Library/Frameworks/AVFoundation.framework; sourceTree = SDKROOT; };
		2D8F16C31DAD64E300400ED9 /* VideoToolbox.framework */ = {isa = PBXFileReference; lastKnownFileType = wrapper.framework; name = VideoToolbox.framework; path = System/Library/Frameworks/VideoToolbox.framework; sourceTree = SDKROOT; };
		2D8F16C51DAD64F100400ED9 /* CoreVideo.framework */ = {isa = PBXFileReference; lastKnownFileType = wrapper.framework; name = CoreVideo.framework; path = System/Library/Frameworks/CoreVideo.framework; sourceTree = SDKROOT; };
		2D8F16C71DAD64FD00400ED9 /* CoreMedia.framework */ = {isa = PBXFileReference; lastKnownFileType = wrapper.framework; name = CoreMedia.framework; path = System/Library/Frameworks/CoreMedia.framework; sourceTree = SDKROOT; };
		2D8F16C91DAD650B00400ED9 /* GLKit.framework */ = {isa = PBXFileReference; lastKnownFileType = wrapper.framework; name = GLKit.framework; path = System/Library/Frameworks/GLKit.framework; sourceTree = SDKROOT; };
		2DD5F1DD1DEE8A9600418AE4 /* owalMobile.entitlements */ = {isa = PBXFileReference; lastKnownFileType = text.plist.entitlements; name = owalMobile.entitlements; path = owalMobile/owalMobile.entitlements; sourceTree = "<group>"; };
		2DF4FB5D1D66C657004F0EEE /* RCTCamera.xcodeproj */ = {isa = PBXFileReference; lastKnownFileType = "wrapper.pb-project"; name = RCTCamera.xcodeproj; path = "../node_modules/react-native-camera/ios/RCTCamera.xcodeproj"; sourceTree = "<group>"; };
		3F5DB161C4F74E838B8EFC46 /* RNSVG.xcodeproj */ = {isa = PBXFileReference; explicitFileType = undefined; fileEncoding = 9; includeInIndex = 0; lastKnownFileType = "wrapper.pb-project"; name = RNSVG.xcodeproj; path = "../node_modules/react-native-svg/ios/RNSVG.xcodeproj"; sourceTree = "<group>"; };
		404B1CA0391509093151471E /* Pods-owalMobileTests.release.xcconfig */ = {isa = PBXFileReference; includeInIndex = 1; lastKnownFileType = text.xcconfig; name = "Pods-owalMobileTests.release.xcconfig"; path = "Pods/Target Support Files/Pods-owalMobileTests/Pods-owalMobileTests.release.xcconfig"; sourceTree = "<group>"; };
		4EFE266A5E675BFFBF122F9F /* Pods-owalMobile.debug.xcconfig */ = {isa = PBXFileReference; includeInIndex = 1; lastKnownFileType = text.xcconfig; name = "Pods-owalMobile.debug.xcconfig"; path = "Pods/Target Support Files/Pods-owalMobile/Pods-owalMobile.debug.xcconfig"; sourceTree = "<group>"; };
		5CCCB31A000E40C891DE6E5D /* RCTOrientation.xcodeproj */ = {isa = PBXFileReference; explicitFileType = undefined; fileEncoding = 9; includeInIndex = 0; lastKnownFileType = "wrapper.pb-project"; name = RCTOrientation.xcodeproj; path = "../node_modules/react-native-orientation/iOS/RCTOrientation.xcodeproj"; sourceTree = "<group>"; };
		6191E7B755EA4BEC9082D99F /* libRNFIRMessaging.a */ = {isa = PBXFileReference; explicitFileType = undefined; fileEncoding = 9; includeInIndex = 0; lastKnownFileType = archive.ar; path = libRNFIRMessaging.a; sourceTree = "<group>"; };
		6662AF093DBF9630FF7C8F73 /* Pods-owalMobile.release.xcconfig */ = {isa = PBXFileReference; includeInIndex = 1; lastKnownFileType = text.xcconfig; name = "Pods-owalMobile.release.xcconfig"; path = "Pods/Target Support Files/Pods-owalMobile/Pods-owalMobile.release.xcconfig"; sourceTree = "<group>"; };
		78C398B01ACF4ADC00677621 /* RCTLinking.xcodeproj */ = {isa = PBXFileReference; lastKnownFileType = "wrapper.pb-project"; name = RCTLinking.xcodeproj; path = "../node_modules/react-native/Libraries/LinkingIOS/RCTLinking.xcodeproj"; sourceTree = "<group>"; };
		832341B01AAA6A8300B99B32 /* RCTText.xcodeproj */ = {isa = PBXFileReference; lastKnownFileType = "wrapper.pb-project"; name = RCTText.xcodeproj; path = "../node_modules/react-native/Libraries/Text/RCTText.xcodeproj"; sourceTree = "<group>"; };
		92BE5A7DE9DA4D9B14752C5B /* libPods-owalMobileTests.a */ = {isa = PBXFileReference; explicitFileType = archive.ar; includeInIndex = 0; path = "libPods-owalMobileTests.a"; sourceTree = BUILT_PRODUCTS_DIR; };
		97CCDFDF36C64942BCD1AD65 /* libRCTOrientation.a */ = {isa = PBXFileReference; explicitFileType = undefined; fileEncoding = 9; includeInIndex = 0; lastKnownFileType = archive.ar; path = libRCTOrientation.a; sourceTree = "<group>"; };
		A86F5F556ED14C3E91A6A6B6 /* libPods-owalMobile.a */ = {isa = PBXFileReference; explicitFileType = archive.ar; includeInIndex = 0; path = "libPods-owalMobile.a"; sourceTree = BUILT_PRODUCTS_DIR; };
		A90A2F90C1D0C3FE05EEA1DA /* Pods-owalMobileTests.debug.xcconfig */ = {isa = PBXFileReference; includeInIndex = 1; lastKnownFileType = text.xcconfig; name = "Pods-owalMobileTests.debug.xcconfig"; path = "Pods/Target Support Files/Pods-owalMobileTests/Pods-owalMobileTests.debug.xcconfig"; sourceTree = "<group>"; };
		CEF7ED314C9E4971A9E23E30 /* RNFIRMessaging.xcodeproj */ = {isa = PBXFileReference; explicitFileType = undefined; fileEncoding = 9; includeInIndex = 0; lastKnownFileType = "wrapper.pb-project"; name = RNFIRMessaging.xcodeproj; path = "../node_modules/react-native-fcm/ios/RNFIRMessaging.xcodeproj"; sourceTree = "<group>"; };
/* End PBXFileReference section */

/* Begin PBXFrameworksBuildPhase section */
		13B07F8C1A680F5B00A75B9A /* Frameworks */ = {
			isa = PBXFrameworksBuildPhase;
			buildActionMask = 2147483647;
			files = (
				2D6F25D61DECC9C500FD16BC /* UserNotifications.framework in Frameworks */,
				2D6CA0FD1DDC081B008332A1 /* libssl.a in Frameworks */,
				2D6CA0F91DDC081B008332A1 /* libavutil.a in Frameworks */,
				2D8F16CA1DAD650B00400ED9 /* GLKit.framework in Frameworks */,
				2D6CA0FB1DDC081B008332A1 /* libswscale.a in Frameworks */,
				2D8F16C81DAD64FD00400ED9 /* CoreMedia.framework in Frameworks */,
				2D6CA1031DDC081B008332A1 /* VideoKitCore.a in Frameworks */,
				2D8F16C61DAD64F100400ED9 /* CoreVideo.framework in Frameworks */,
				2D8F16C41DAD64E300400ED9 /* VideoToolbox.framework in Frameworks */,
				2D8F16C21DAD64D900400ED9 /* AVFoundation.framework in Frameworks */,
				2D8F16C01DAD649A00400ED9 /* OpenGLES.framework in Frameworks */,
				2D8F16BE1DAD647900400ED9 /* AudioToolbox.framework in Frameworks */,
				2D6CA0F81DDC081B008332A1 /* libavformat.a in Frameworks */,
				2D8F16BC1DAD646500400ED9 /* MediaPlayer.framework in Frameworks */,
				2D8F16BA1DAD645200400ED9 /* SystemConfiguration.framework in Frameworks */,
				2D8F16B81DAD644100400ED9 /* QuartzCore.framework in Frameworks */,
				2D6CA0FA1DDC081B008332A1 /* libswresample.a in Frameworks */,
				2D8F16B61DAD641B00400ED9 /* libiconv.tbd in Frameworks */,
				2D8F16B41DAD640700400ED9 /* libz.tbd in Frameworks */,
				2DF4FB6F1D66C6F3004F0EEE /* libRCTCamera.a in Frameworks */,
				146834051AC3E58100842450 /* libReact.a in Frameworks */,
				00C302E51ABCBA2D00DB3ED1 /* libRCTActionSheet.a in Frameworks */,
				00C302E71ABCBA2D00DB3ED1 /* libRCTGeolocation.a in Frameworks */,
				00C302E81ABCBA2D00DB3ED1 /* libRCTImage.a in Frameworks */,
				2D6CA0F71DDC081B008332A1 /* libavcodec.a in Frameworks */,
				133E29F31AD74F7200F7D852 /* libRCTLinking.a in Frameworks */,
				00C302E91ABCBA2D00DB3ED1 /* libRCTNetwork.a in Frameworks */,
				139105C61AF99C1200B5F7CC /* libRCTSettings.a in Frameworks */,
				832341BD1AAA6AB300B99B32 /* libRCTText.a in Frameworks */,
				2D6CA0FC1DDC081B008332A1 /* libcrypto.a in Frameworks */,
				00C302EA1ABCBA2D00DB3ED1 /* libRCTVibration.a in Frameworks */,
				139FDEF61B0652A700C62182 /* libRCTWebSocket.a in Frameworks */,
				CFF41E2FCCC4495EA17D9453 /* libRCTOrientation.a in Frameworks */,
				F5D58B3EA4334DB6AEDE682C /* libRNFIRMessaging.a in Frameworks */,
				6754449FB292F8A46BE465F8 /* libPods-owalMobile.a in Frameworks */,
			);
			runOnlyForDeploymentPostprocessing = 0;
		};
/* End PBXFrameworksBuildPhase section */

/* Begin PBXGroup section */
		00C302A81ABCB8CE00DB3ED1 /* Products */ = {
			isa = PBXGroup;
			children = (
				00C302AC1ABCB8CE00DB3ED1 /* libRCTActionSheet.a */,
			);
			name = Products;
			sourceTree = "<group>";
		};
		00C302B61ABCB90400DB3ED1 /* Products */ = {
			isa = PBXGroup;
			children = (
				00C302BA1ABCB90400DB3ED1 /* libRCTGeolocation.a */,
			);
			name = Products;
			sourceTree = "<group>";
		};
		00C302BC1ABCB91800DB3ED1 /* Products */ = {
			isa = PBXGroup;
			children = (
				00C302C01ABCB91800DB3ED1 /* libRCTImage.a */,
			);
			name = Products;
			sourceTree = "<group>";
		};
		00C302D41ABCB9D200DB3ED1 /* Products */ = {
			isa = PBXGroup;
			children = (
				00C302DC1ABCB9D200DB3ED1 /* libRCTNetwork.a */,
			);
			name = Products;
			sourceTree = "<group>";
		};
		00C302E01ABCB9EE00DB3ED1 /* Products */ = {
			isa = PBXGroup;
			children = (
				00C302E41ABCB9EE00DB3ED1 /* libRCTVibration.a */,
			);
			name = Products;
			sourceTree = "<group>";
		};
		00E356EF1AD99517003FC87E /* owalMobileTests */ = {
			isa = PBXGroup;
			children = (
				00E356F21AD99517003FC87E /* owalMobileTests.m */,
				00E356F01AD99517003FC87E /* Supporting Files */,
			);
			path = owalMobileTests;
			sourceTree = "<group>";
		};
		00E356F01AD99517003FC87E /* Supporting Files */ = {
			isa = PBXGroup;
			children = (
				00E356F11AD99517003FC87E /* Info.plist */,
			);
			name = "Supporting Files";
			sourceTree = "<group>";
		};
		139105B71AF99BAD00B5F7CC /* Products */ = {
			isa = PBXGroup;
			children = (
				139105C11AF99BAD00B5F7CC /* libRCTSettings.a */,
			);
			name = Products;
			sourceTree = "<group>";
		};
		139FDEE71B06529A00C62182 /* Products */ = {
			isa = PBXGroup;
			children = (
				139FDEF41B06529B00C62182 /* libRCTWebSocket.a */,
			);
			name = Products;
			sourceTree = "<group>";
		};
		13B07FAE1A68108700A75B9A /* owalMobile */ = {
			isa = PBXGroup;
			children = (
				2DD5F1DD1DEE8A9600418AE4 /* owalMobile.entitlements */,
				008F07F21AC5B25A0029DE68 /* main.jsbundle */,
				13B07FAF1A68108700A75B9A /* AppDelegate.h */,
				13B07FB01A68108700A75B9A /* AppDelegate.m */,
				13B07FB51A68108700A75B9A /* Images.xcassets */,
				13B07FB61A68108700A75B9A /* Info.plist */,
				2D8D4EEB1DECC0E800E2A42A /* GoogleService-Info.plist */,
				13B07FB11A68108700A75B9A /* LaunchScreen.xib */,
				13B07FB71A68108700A75B9A /* main.m */,
				2D5C9C921D3FFD970028B3D9 /* CustomComponent.h */,
				2D5C9C931D3FFD970028B3D9 /* CustomComponent.m */,
				2D35E8DC1DADDBA8009A5FF2 /* VideoControllerManager.h */,
				2D35E8DD1DADDBA8009A5FF2 /* VideoControllerManager.m */,
				2D21169C1DC187B50096EAFB /* EventNotificationCenter.h */,
				2D21169D1DC187B50096EAFB /* EventNotificationCenter.m */,
			);
			name = owalMobile;
			sourceTree = "<group>";
		};
		146834001AC3E56700842450 /* Products */ = {
			isa = PBXGroup;
			children = (
				146834041AC3E56700842450 /* libReact.a */,
			);
			name = Products;
			sourceTree = "<group>";
		};
		21B2EAFE8F9569BD1C1DC44D /* Frameworks */ = {
			isa = PBXGroup;
			children = (
				2D6F25D51DECC9C500FD16BC /* UserNotifications.framework */,
				A86F5F556ED14C3E91A6A6B6 /* libPods-owalMobile.a */,
				92BE5A7DE9DA4D9B14752C5B /* libPods-owalMobileTests.a */,
			);
			name = Frameworks;
			sourceTree = "<group>";
		};
		2D35E8D11DADD63E009A5FF2 /* Products */ = {
			isa = PBXGroup;
			children = (
				2D35E8EC1DADDBA9009A5FF2 /* libRNSVG.a */,
			);
			name = Products;
			sourceTree = "<group>";
		};
		2D4EB5FB1DECB6C1009E39FC /* Products */ = {
			isa = PBXGroup;
			children = (
				2D4EB60B1DECB6C1009E39FC /* libRNFIRMessaging.a */,
			);
			name = Products;
			sourceTree = "<group>";
		};
		2D5C9C8F1D3FF6AF0028B3D9 /* Resources */ = {
			isa = PBXGroup;
			children = (
				2D16A35F1D78F47D00FBCFFD /* DINPro-Bold.otf */,
				2D16A3601D78F47D00FBCFFD /* DINPro-Italic.otf */,
				2D16A3611D78F47D00FBCFFD /* DINPro-Medium.otf */,
				2D16A3511D7622B000FBCFFD /* DINPro.otf */,
			);
			name = Resources;
			sourceTree = "<group>";
		};
		2D6C9FDC1DDC081B008332A1 /* VideoKit_2.6 */ = {
			isa = PBXGroup;
			children = (
				2D6C9FDD1DDC081B008332A1 /* 3rd-party */,
				2D6CA0BE1DDC081B008332A1 /* Controller */,
				2D6CA0C71DDC081B008332A1 /* Core */,
				2D6CA0E61DDC081B008332A1 /* license-form.plist */,
				2D6CA0E71DDC081B008332A1 /* ViewController */,
				2D6CA0EA1DDC081B008332A1 /* Views */,
				2D6CA0F51DDC081B008332A1 /* VKImages.bundle */,
			);
			path = VideoKit_2.6;
			sourceTree = "<group>";
		};
		2D6C9FDD1DDC081B008332A1 /* 3rd-party */ = {
			isa = PBXGroup;
			children = (
				2D6C9FDE1DDC081B008332A1 /* cmdutils.c */,
				2D6C9FDF1DDC081B008332A1 /* ffmpeg */,
				2D6CA06A1DDC081B008332A1 /* openSSL */,
				2D6CA0BB1DDC081B008332A1 /* Reachability */,
			);
			path = "3rd-party";
			sourceTree = "<group>";
		};
		2D6C9FDF1DDC081B008332A1 /* ffmpeg */ = {
			isa = PBXGroup;
			children = (
				2D6CA0641DDC081B008332A1 /* lib */,
			);
			path = ffmpeg;
			sourceTree = "<group>";
		};
		2D6CA0641DDC081B008332A1 /* lib */ = {
			isa = PBXGroup;
			children = (
				2D6CA0651DDC081B008332A1 /* libavcodec.a */,
				2D6CA0661DDC081B008332A1 /* libavformat.a */,
				2D6CA0671DDC081B008332A1 /* libavutil.a */,
				2D6CA0681DDC081B008332A1 /* libswresample.a */,
				2D6CA0691DDC081B008332A1 /* libswscale.a */,
			);
			path = lib;
			sourceTree = "<group>";
		};
		2D6CA06A1DDC081B008332A1 /* openSSL */ = {
			isa = PBXGroup;
			children = (
				2D6CA0B81DDC081B008332A1 /* lib */,
			);
			path = openSSL;
			sourceTree = "<group>";
		};
		2D6CA0B81DDC081B008332A1 /* lib */ = {
			isa = PBXGroup;
			children = (
				2D6CA0B91DDC081B008332A1 /* libcrypto.a */,
				2D6CA0BA1DDC081B008332A1 /* libssl.a */,
			);
			path = lib;
			sourceTree = "<group>";
		};
		2D6CA0BB1DDC081B008332A1 /* Reachability */ = {
			isa = PBXGroup;
			children = (
				2D6CA0BC1DDC081B008332A1 /* VKReachability.h */,
				2D6CA0BD1DDC081B008332A1 /* VKReachability.m */,
			);
			path = Reachability;
			sourceTree = "<group>";
		};
		2D6CA0BE1DDC081B008332A1 /* Controller */ = {
			isa = PBXGroup;
			children = (
				2D6CA0BF1DDC081B008332A1 /* VKFullscreenContainer.h */,
				2D6CA0C01DDC081B008332A1 /* VKFullscreenContainer.m */,
				2D6CA0C11DDC081B008332A1 /* VKPlayerController.h */,
				2D6CA0C21DDC081B008332A1 /* VKPlayerController.m */,
				2D6CA0C31DDC081B008332A1 /* VKPlayerControllerBase.h */,
				2D6CA0C41DDC081B008332A1 /* VKPlayerControllerBase.m */,
				2D6CA0C51DDC081B008332A1 /* VKScrollViewContainer.h */,
				2D6CA0C61DDC081B008332A1 /* VKScrollViewContainer.m */,
			);
			path = Controller;
			sourceTree = "<group>";
		};
		2D6CA0C71DDC081B008332A1 /* Core */ = {
			isa = PBXGroup;
			children = (
				2D6CA0C81DDC081B008332A1 /* VideoKitCore.a */,
				2D6CA0C91DDC081B008332A1 /* VKAudioDecoder.h */,
				2D6CA0CA1DDC081B008332A1 /* VKAVDecodeManager.h */,
				2D6CA0CB1DDC081B008332A1 /* VKAVDecodeManager.m */,
				2D6CA0CC1DDC081B008332A1 /* VKClock.h */,
				2D6CA0CD1DDC081B008332A1 /* VKClockManager.h */,
				2D6CA0CE1DDC081B008332A1 /* VKColorPlane.h */,
				2D6CA0CF1DDC081B008332A1 /* VKDecodeManager.h */,
				2D6CA0D01DDC081B008332A1 /* VKDecoder.h */,
				2D6CA0D11DDC081B008332A1 /* VKManager.h */,
				2D6CA0D21DDC081B008332A1 /* VKPacket.h */,
				2D6CA0D31DDC081B008332A1 /* VKQueue.h */,
				2D6CA0D41DDC081B008332A1 /* VKRecorder.h */,
				2D6CA0D51DDC081B008332A1 /* VKVideoDecoder.h */,
				2D6CA0D61DDC081B008332A1 /* VKVideoFrame.h */,
				2D6CA0D71DDC081B008332A1 /* VKVideoFrameRGB.h */,
				2D6CA0D81DDC081B008332A1 /* VKVideoFrameYUV.h */,
				2D6CA0D91DDC081B008332A1 /* VKVideoFrameYUVVT.h */,
			);
			path = Core;
			sourceTree = "<group>";
		};
		2D6CA0E71DDC081B008332A1 /* ViewController */ = {
			isa = PBXGroup;
			children = (
				2D6CA0E81DDC081B008332A1 /* VKPlayerViewController.h */,
				2D6CA0E91DDC081B008332A1 /* VKPlayerViewController.m */,
			);
			path = ViewController;
			sourceTree = "<group>";
		};
		2D6CA0EA1DDC081B008332A1 /* Views */ = {
			isa = PBXGroup;
			children = (
				2D6CA0EB1DDC081B008332A1 /* VKGLES2View.h */,
				2D6CA0EC1DDC081B008332A1 /* VKGLES2View.m */,
				2D6CA0ED1DDC081B008332A1 /* VKGLES2ViewRGB.h */,
				2D6CA0EE1DDC081B008332A1 /* VKGLES2ViewRGB.m */,
				2D6CA0EF1DDC081B008332A1 /* VKGLES2ViewYUV.h */,
				2D6CA0F01DDC081B008332A1 /* VKGLES2ViewYUV.m */,
				2D6CA0F11DDC081B008332A1 /* VKGLES2ViewYUVVT.h */,
				2D6CA0F21DDC081B008332A1 /* VKGLES2ViewYUVVT.m */,
				2D6CA0F31DDC081B008332A1 /* VKStreamInfoView.h */,
				2D6CA0F41DDC081B008332A1 /* VKStreamInfoView.m */,
			);
			path = Views;
			sourceTree = "<group>";
		};
		2DA350381DBAF7BC00DEC2A6 /* Products */ = {
			isa = PBXGroup;
			children = (
				2DA350421DBAF7BC00DEC2A6 /* libRCTOrientation.a */,
			);
			name = Products;
			sourceTree = "<group>";
		};
		2DF4FB5E1D66C657004F0EEE /* Products */ = {
			isa = PBXGroup;
			children = (
				2DF4FB641D66C658004F0EEE /* libRCTCamera.a */,
			);
			name = Products;
			sourceTree = "<group>";
		};
		78C398B11ACF4ADC00677621 /* Products */ = {
			isa = PBXGroup;
			children = (
				78C398B91ACF4ADC00677621 /* libRCTLinking.a */,
			);
			name = Products;
			sourceTree = "<group>";
		};
		832341AE1AAA6A7D00B99B32 /* Libraries */ = {
			isa = PBXGroup;
			children = (
				2DF4FB5D1D66C657004F0EEE /* RCTCamera.xcodeproj */,
				146833FF1AC3E56700842450 /* React.xcodeproj */,
				00C302A71ABCB8CE00DB3ED1 /* RCTActionSheet.xcodeproj */,
				00C302B51ABCB90400DB3ED1 /* RCTGeolocation.xcodeproj */,
				00C302BB1ABCB91800DB3ED1 /* RCTImage.xcodeproj */,
				78C398B01ACF4ADC00677621 /* RCTLinking.xcodeproj */,
				00C302D31ABCB9D200DB3ED1 /* RCTNetwork.xcodeproj */,
				139105B61AF99BAD00B5F7CC /* RCTSettings.xcodeproj */,
				832341B01AAA6A8300B99B32 /* RCTText.xcodeproj */,
				00C302DF1ABCB9EE00DB3ED1 /* RCTVibration.xcodeproj */,
				139FDEE61B06529A00C62182 /* RCTWebSocket.xcodeproj */,
				5CCCB31A000E40C891DE6E5D /* RCTOrientation.xcodeproj */,
				CEF7ED314C9E4971A9E23E30 /* RNFIRMessaging.xcodeproj */,
			);
			name = Libraries;
			sourceTree = "<group>";
		};
		832341B11AAA6A8300B99B32 /* Products */ = {
			isa = PBXGroup;
			children = (
				832341B51AAA6A8300B99B32 /* libRCTText.a */,
			);
			name = Products;
			sourceTree = "<group>";
		};
		83CBB9F61A601CBA00E9B192 = {
			isa = PBXGroup;
			children = (
				2D6C9FDC1DDC081B008332A1 /* VideoKit_2.6 */,
				2D8F16C91DAD650B00400ED9 /* GLKit.framework */,
				2D8F16C71DAD64FD00400ED9 /* CoreMedia.framework */,
				2D8F16C51DAD64F100400ED9 /* CoreVideo.framework */,
				2D8F16C31DAD64E300400ED9 /* VideoToolbox.framework */,
				2D8F16C11DAD64D900400ED9 /* AVFoundation.framework */,
				2D8F16BF1DAD649A00400ED9 /* OpenGLES.framework */,
				2D8F16BD1DAD647900400ED9 /* AudioToolbox.framework */,
				2D8F16BB1DAD646500400ED9 /* MediaPlayer.framework */,
				2D8F16B91DAD645200400ED9 /* SystemConfiguration.framework */,
				2D8F16B71DAD644100400ED9 /* QuartzCore.framework */,
				2D8F16B51DAD641B00400ED9 /* libiconv.tbd */,
				2D8F16B31DAD640700400ED9 /* libz.tbd */,
				2D5C9C8F1D3FF6AF0028B3D9 /* Resources */,
				13B07FAE1A68108700A75B9A /* owalMobile */,
				832341AE1AAA6A7D00B99B32 /* Libraries */,
				00E356EF1AD99517003FC87E /* owalMobileTests */,
				83CBBA001A601CBA00E9B192 /* Products */,
				8ECF7DAED54DD7D878ECB41E /* Pods */,
				21B2EAFE8F9569BD1C1DC44D /* Frameworks */,
			);
			indentWidth = 2;
			sourceTree = "<group>";
			tabWidth = 2;
		};
		83CBBA001A601CBA00E9B192 /* Products */ = {
			isa = PBXGroup;
			children = (
				13B07F961A680F5B00A75B9A /* owalMobile.app */,
			);
			name = Products;
			sourceTree = "<group>";
		};
		8ECF7DAED54DD7D878ECB41E /* Pods */ = {
			isa = PBXGroup;
			children = (
				4EFE266A5E675BFFBF122F9F /* Pods-owalMobile.debug.xcconfig */,
				6662AF093DBF9630FF7C8F73 /* Pods-owalMobile.release.xcconfig */,
				A90A2F90C1D0C3FE05EEA1DA /* Pods-owalMobileTests.debug.xcconfig */,
				404B1CA0391509093151471E /* Pods-owalMobileTests.release.xcconfig */,
			);
			name = Pods;
			sourceTree = "<group>";
		};
/* End PBXGroup section */

/* Begin PBXNativeTarget section */
		13B07F861A680F5B00A75B9A /* owalMobile */ = {
			isa = PBXNativeTarget;
			buildConfigurationList = 13B07F931A680F5B00A75B9A /* Build configuration list for PBXNativeTarget "owalMobile" */;
			buildPhases = (
				F318933D8374602CBC39A792 /* [CP] Check Pods Manifest.lock */,
				13B07F871A680F5B00A75B9A /* Sources */,
				13B07F8C1A680F5B00A75B9A /* Frameworks */,
				13B07F8E1A680F5B00A75B9A /* Resources */,
				00DD1BFF1BD5951E006B06BC /* Bundle React Native code and images */,
				BB4B2397043C799908E6E0EE /* [CP] Embed Pods Frameworks */,
				7226CC2D98AB38DA666EE2B1 /* [CP] Copy Pods Resources */,
			);
			buildRules = (
			);
			dependencies = (
			);
			name = owalMobile;
			productName = "Hello World";
			productReference = 13B07F961A680F5B00A75B9A /* owalMobile.app */;
			productType = "com.apple.product-type.application";
		};
/* End PBXNativeTarget section */

/* Begin PBXProject section */
		83CBB9F71A601CBA00E9B192 /* Project object */ = {
			isa = PBXProject;
			attributes = {
				LastUpgradeCheck = 610;
				ORGANIZATIONNAME = Facebook;
				TargetAttributes = {
					13B07F861A680F5B00A75B9A = {
						DevelopmentTeam = MHEL4UWLN7;
						ProvisioningStyle = Manual;
						SystemCapabilities = {
							com.apple.Keychain = {
								enabled = 1;
							};
							com.apple.Push = {
								enabled = 1;
							};
						};
					};
				};
			};
			buildConfigurationList = 83CBB9FA1A601CBA00E9B192 /* Build configuration list for PBXProject "owalMobile" */;
			compatibilityVersion = "Xcode 3.2";
			developmentRegion = English;
			hasScannedForEncodings = 0;
			knownRegions = (
				en,
				Base,
			);
			mainGroup = 83CBB9F61A601CBA00E9B192;
			productRefGroup = 83CBBA001A601CBA00E9B192 /* Products */;
			projectDirPath = "";
			projectReferences = (
				{
					ProductGroup = 00C302A81ABCB8CE00DB3ED1 /* Products */;
					ProjectRef = 00C302A71ABCB8CE00DB3ED1 /* RCTActionSheet.xcodeproj */;
				},
				{
					ProductGroup = 2DF4FB5E1D66C657004F0EEE /* Products */;
					ProjectRef = 2DF4FB5D1D66C657004F0EEE /* RCTCamera.xcodeproj */;
				},
				{
					ProductGroup = 00C302B61ABCB90400DB3ED1 /* Products */;
					ProjectRef = 00C302B51ABCB90400DB3ED1 /* RCTGeolocation.xcodeproj */;
				},
				{
					ProductGroup = 00C302BC1ABCB91800DB3ED1 /* Products */;
					ProjectRef = 00C302BB1ABCB91800DB3ED1 /* RCTImage.xcodeproj */;
				},
				{
					ProductGroup = 78C398B11ACF4ADC00677621 /* Products */;
					ProjectRef = 78C398B01ACF4ADC00677621 /* RCTLinking.xcodeproj */;
				},
				{
					ProductGroup = 00C302D41ABCB9D200DB3ED1 /* Products */;
					ProjectRef = 00C302D31ABCB9D200DB3ED1 /* RCTNetwork.xcodeproj */;
				},
				{
					ProductGroup = 2DA350381DBAF7BC00DEC2A6 /* Products */;
					ProjectRef = 5CCCB31A000E40C891DE6E5D /* RCTOrientation.xcodeproj */;
				},
				{
					ProductGroup = 139105B71AF99BAD00B5F7CC /* Products */;
					ProjectRef = 139105B61AF99BAD00B5F7CC /* RCTSettings.xcodeproj */;
				},
				{
					ProductGroup = 832341B11AAA6A8300B99B32 /* Products */;
					ProjectRef = 832341B01AAA6A8300B99B32 /* RCTText.xcodeproj */;
				},
				{
					ProductGroup = 00C302E01ABCB9EE00DB3ED1 /* Products */;
					ProjectRef = 00C302DF1ABCB9EE00DB3ED1 /* RCTVibration.xcodeproj */;
				},
				{
					ProductGroup = 139FDEE71B06529A00C62182 /* Products */;
					ProjectRef = 139FDEE61B06529A00C62182 /* RCTWebSocket.xcodeproj */;
				},
				{
					ProductGroup = 146834001AC3E56700842450 /* Products */;
					ProjectRef = 146833FF1AC3E56700842450 /* React.xcodeproj */;
				},
				{
					ProductGroup = 2D4EB5FB1DECB6C1009E39FC /* Products */;
					ProjectRef = CEF7ED314C9E4971A9E23E30 /* RNFIRMessaging.xcodeproj */;
				},
				{
					ProductGroup = 2D35E8D11DADD63E009A5FF2 /* Products */;
					ProjectRef = 3F5DB161C4F74E838B8EFC46 /* RNSVG.xcodeproj */;
				},
			);
			projectRoot = "";
			targets = (
				13B07F861A680F5B00A75B9A /* owalMobile */,
			);
		};
/* End PBXProject section */

/* Begin PBXReferenceProxy section */
		00C302AC1ABCB8CE00DB3ED1 /* libRCTActionSheet.a */ = {
			isa = PBXReferenceProxy;
			fileType = archive.ar;
			path = libRCTActionSheet.a;
			remoteRef = 00C302AB1ABCB8CE00DB3ED1 /* PBXContainerItemProxy */;
			sourceTree = BUILT_PRODUCTS_DIR;
		};
		00C302BA1ABCB90400DB3ED1 /* libRCTGeolocation.a */ = {
			isa = PBXReferenceProxy;
			fileType = archive.ar;
			path = libRCTGeolocation.a;
			remoteRef = 00C302B91ABCB90400DB3ED1 /* PBXContainerItemProxy */;
			sourceTree = BUILT_PRODUCTS_DIR;
		};
		00C302C01ABCB91800DB3ED1 /* libRCTImage.a */ = {
			isa = PBXReferenceProxy;
			fileType = archive.ar;
			path = libRCTImage.a;
			remoteRef = 00C302BF1ABCB91800DB3ED1 /* PBXContainerItemProxy */;
			sourceTree = BUILT_PRODUCTS_DIR;
		};
		00C302DC1ABCB9D200DB3ED1 /* libRCTNetwork.a */ = {
			isa = PBXReferenceProxy;
			fileType = archive.ar;
			path = libRCTNetwork.a;
			remoteRef = 00C302DB1ABCB9D200DB3ED1 /* PBXContainerItemProxy */;
			sourceTree = BUILT_PRODUCTS_DIR;
		};
		00C302E41ABCB9EE00DB3ED1 /* libRCTVibration.a */ = {
			isa = PBXReferenceProxy;
			fileType = archive.ar;
			path = libRCTVibration.a;
			remoteRef = 00C302E31ABCB9EE00DB3ED1 /* PBXContainerItemProxy */;
			sourceTree = BUILT_PRODUCTS_DIR;
		};
		139105C11AF99BAD00B5F7CC /* libRCTSettings.a */ = {
			isa = PBXReferenceProxy;
			fileType = archive.ar;
			path = libRCTSettings.a;
			remoteRef = 139105C01AF99BAD00B5F7CC /* PBXContainerItemProxy */;
			sourceTree = BUILT_PRODUCTS_DIR;
		};
		139FDEF41B06529B00C62182 /* libRCTWebSocket.a */ = {
			isa = PBXReferenceProxy;
			fileType = archive.ar;
			path = libRCTWebSocket.a;
			remoteRef = 139FDEF31B06529B00C62182 /* PBXContainerItemProxy */;
			sourceTree = BUILT_PRODUCTS_DIR;
		};
		146834041AC3E56700842450 /* libReact.a */ = {
			isa = PBXReferenceProxy;
			fileType = archive.ar;
			path = libReact.a;
			remoteRef = 146834031AC3E56700842450 /* PBXContainerItemProxy */;
			sourceTree = BUILT_PRODUCTS_DIR;
		};
		2D35E8EC1DADDBA9009A5FF2 /* libRNSVG.a */ = {
			isa = PBXReferenceProxy;
			fileType = archive.ar;
			path = libRNSVG.a;
			remoteRef = 2D35E8EB1DADDBA9009A5FF2 /* PBXContainerItemProxy */;
			sourceTree = BUILT_PRODUCTS_DIR;
		};
		2D4EB60B1DECB6C1009E39FC /* libRNFIRMessaging.a */ = {
			isa = PBXReferenceProxy;
			fileType = archive.ar;
			path = libRNFIRMessaging.a;
			remoteRef = 2D4EB60A1DECB6C1009E39FC /* PBXContainerItemProxy */;
			sourceTree = BUILT_PRODUCTS_DIR;
		};
		2DA350421DBAF7BC00DEC2A6 /* libRCTOrientation.a */ = {
			isa = PBXReferenceProxy;
			fileType = archive.ar;
			path = libRCTOrientation.a;
			remoteRef = 2DA350411DBAF7BC00DEC2A6 /* PBXContainerItemProxy */;
			sourceTree = BUILT_PRODUCTS_DIR;
		};
		2DF4FB641D66C658004F0EEE /* libRCTCamera.a */ = {
			isa = PBXReferenceProxy;
			fileType = archive.ar;
			path = libRCTCamera.a;
			remoteRef = 2DF4FB631D66C658004F0EEE /* PBXContainerItemProxy */;
			sourceTree = BUILT_PRODUCTS_DIR;
		};
		78C398B91ACF4ADC00677621 /* libRCTLinking.a */ = {
			isa = PBXReferenceProxy;
			fileType = archive.ar;
			path = libRCTLinking.a;
			remoteRef = 78C398B81ACF4ADC00677621 /* PBXContainerItemProxy */;
			sourceTree = BUILT_PRODUCTS_DIR;
		};
		832341B51AAA6A8300B99B32 /* libRCTText.a */ = {
			isa = PBXReferenceProxy;
			fileType = archive.ar;
			path = libRCTText.a;
			remoteRef = 832341B41AAA6A8300B99B32 /* PBXContainerItemProxy */;
			sourceTree = BUILT_PRODUCTS_DIR;
		};
/* End PBXReferenceProxy section */

/* Begin PBXResourcesBuildPhase section */
		13B07F8E1A680F5B00A75B9A /* Resources */ = {
			isa = PBXResourcesBuildPhase;
			buildActionMask = 2147483647;
			files = (
				2D16A3621D78F47D00FBCFFD /* DINPro-Bold.otf in Resources */,
				2D6CA10F1DDC081B008332A1 /* license-form.plist in Resources */,
				2D8D4EEC1DECC0E800E2A42A /* GoogleService-Info.plist in Resources */,
				2D16A3631D78F47D00FBCFFD /* DINPro-Italic.otf in Resources */,
				13B07FBF1A68108700A75B9A /* Images.xcassets in Resources */,
				2D16A3521D7622B000FBCFFD /* DINPro.otf in Resources */,
				2D16A3641D78F47D00FBCFFD /* DINPro-Medium.otf in Resources */,
				2D6CA1161DDC081B008332A1 /* VKImages.bundle in Resources */,
				13B07FBD1A68108700A75B9A /* LaunchScreen.xib in Resources */,
			);
			runOnlyForDeploymentPostprocessing = 0;
		};
/* End PBXResourcesBuildPhase section */

/* Begin PBXShellScriptBuildPhase section */
		00DD1BFF1BD5951E006B06BC /* Bundle React Native code and images */ = {
			isa = PBXShellScriptBuildPhase;
			buildActionMask = 2147483647;
			files = (
			);
			inputPaths = (
			);
			name = "Bundle React Native code and images";
			outputPaths = (
			);
			runOnlyForDeploymentPostprocessing = 0;
			shellPath = /bin/sh;
			shellScript = "export NODE_BINARY=node\n../node_modules/react-native/packager/react-native-xcode.sh";
		};
		7226CC2D98AB38DA666EE2B1 /* [CP] Copy Pods Resources */ = {
			isa = PBXShellScriptBuildPhase;
			buildActionMask = 2147483647;
			files = (
			);
			inputPaths = (
			);
			name = "[CP] Copy Pods Resources";
			outputPaths = (
			);
			runOnlyForDeploymentPostprocessing = 0;
			shellPath = /bin/sh;
			shellScript = "\"${SRCROOT}/Pods/Target Support Files/Pods-owalMobile/Pods-owalMobile-resources.sh\"\n";
			showEnvVarsInLog = 0;
		};
		BB4B2397043C799908E6E0EE /* [CP] Embed Pods Frameworks */ = {
			isa = PBXShellScriptBuildPhase;
			buildActionMask = 2147483647;
			files = (
			);
			inputPaths = (
			);
			name = "[CP] Embed Pods Frameworks";
			outputPaths = (
			);
			runOnlyForDeploymentPostprocessing = 0;
			shellPath = /bin/sh;
			shellScript = "\"${SRCROOT}/Pods/Target Support Files/Pods-owalMobile/Pods-owalMobile-frameworks.sh\"\n";
			showEnvVarsInLog = 0;
		};
		F318933D8374602CBC39A792 /* [CP] Check Pods Manifest.lock */ = {
			isa = PBXShellScriptBuildPhase;
			buildActionMask = 2147483647;
			files = (
			);
			inputPaths = (
			);
			name = "[CP] Check Pods Manifest.lock";
			outputPaths = (
			);
			runOnlyForDeploymentPostprocessing = 0;
			shellPath = /bin/sh;
			shellScript = "diff \"${PODS_ROOT}/../Podfile.lock\" \"${PODS_ROOT}/Manifest.lock\" > /dev/null\nif [ $? != 0 ] ; then\n    # print error to STDERR\n    echo \"error: The sandbox is not in sync with the Podfile.lock. Run 'pod install' or update your CocoaPods installation.\" >&2\n    exit 1\nfi\n";
			showEnvVarsInLog = 0;
		};
/* End PBXShellScriptBuildPhase section */

/* Begin PBXSourcesBuildPhase section */
		13B07F871A680F5B00A75B9A /* Sources */ = {
			isa = PBXSourcesBuildPhase;
			buildActionMask = 2147483647;
			files = (
				13B07FBC1A68108700A75B9A /* AppDelegate.m in Sources */,
				2D6CA0F61DDC081B008332A1 /* cmdutils.c in Sources */,
				2D6CA0FF1DDC081B008332A1 /* VKFullscreenContainer.m in Sources */,
				2D6CA1141DDC081B008332A1 /* VKGLES2ViewYUVVT.m in Sources */,
				2D21169E1DC187B50096EAFB /* EventNotificationCenter.m in Sources */,
				2D6CA1151DDC081B008332A1 /* VKStreamInfoView.m in Sources */,
				2D5C9C941D3FFD970028B3D9 /* CustomComponent.m in Sources */,
				2D6CA0FE1DDC081B008332A1 /* VKReachability.m in Sources */,
				13B07FC11A68108700A75B9A /* main.m in Sources */,
				2D6CA1021DDC081B008332A1 /* VKScrollViewContainer.m in Sources */,
				2D35E8DE1DADDBA8009A5FF2 /* VideoControllerManager.m in Sources */,
				2D6CA1041DDC081B008332A1 /* VKAVDecodeManager.m in Sources */,
				2D6CA1111DDC081B008332A1 /* VKGLES2View.m in Sources */,
				2D6CA1011DDC081B008332A1 /* VKPlayerControllerBase.m in Sources */,
				2D6CA1101DDC081B008332A1 /* VKPlayerViewController.m in Sources */,
				2D6CA1131DDC081B008332A1 /* VKGLES2ViewYUV.m in Sources */,
				2D6CA1001DDC081B008332A1 /* VKPlayerController.m in Sources */,
				2D6CA1121DDC081B008332A1 /* VKGLES2ViewRGB.m in Sources */,
			);
			runOnlyForDeploymentPostprocessing = 0;
		};
/* End PBXSourcesBuildPhase section */

/* Begin PBXVariantGroup section */
		13B07FB11A68108700A75B9A /* LaunchScreen.xib */ = {
			isa = PBXVariantGroup;
			children = (
				13B07FB21A68108700A75B9A /* Base */,
			);
			name = LaunchScreen.xib;
			path = owalMobile;
			sourceTree = "<group>";
		};
/* End PBXVariantGroup section */

/* Begin XCBuildConfiguration section */
		13B07F941A680F5B00A75B9A /* Debug */ = {
			isa = XCBuildConfiguration;
			baseConfigurationReference = 4EFE266A5E675BFFBF122F9F /* Pods-owalMobile.debug.xcconfig */;
			buildSettings = {
				ASSETCATALOG_COMPILER_APPICON_NAME = AppIcon;
				CODE_SIGN_ENTITLEMENTS = owalMobile/owalMobile.entitlements;
				CODE_SIGN_IDENTITY = "iPhone Developer: apple@owal.io (PCFAYYNZM6)";
				"CODE_SIGN_IDENTITY[sdk=iphoneos*]" = "iPhone Developer";
				CURRENT_PROJECT_VERSION = 16;
				DEAD_CODE_STRIPPING = NO;
				DEVELOPMENT_TEAM = MHEL4UWLN7;
				ENABLE_BITCODE = NO;
				FRAMEWORK_SEARCH_PATHS = (
					"$(inherited)",
					"$(PROJECT_DIR)",
					"~/Documents/FacebookSDK",
				);
				HEADER_SEARCH_PATHS = (
					"$(inherited)",
					/Applications/Xcode.app/Contents/Developer/Toolchains/XcodeDefault.xctoolchain/usr/include,
					"$(SRCROOT)/../node_modules/react-native/React/**",
					"./VideoKit_2.6/3rd-party/ffmpeg/include",
					"$(SRCROOT)/../node_modules/react-native-orientation/iOS/RCTOrientation/**",
					"$(SRCROOT)/../node_modules/react-native-fcm/ios",
				);
				INFOPLIST_FILE = owalMobile/Info.plist;
				IPHONEOS_DEPLOYMENT_TARGET = 10.1;
				LD_RUNPATH_SEARCH_PATHS = "$(inherited) @executable_path/Frameworks";
				LIBRARY_SEARCH_PATHS = (
					"$(inherited)",
					"$(PROJECT_DIR)/VideoKit/3rd-party/ffmpeg/lib",
					"$(PROJECT_DIR)/VideoKit/3rd-party/openSSL/lib",
					"$(PROJECT_DIR)/VideoKit/Core",
					"$(PROJECT_DIR)/VideoKit_2.6/3rd-party/ffmpeg/lib",
					"$(PROJECT_DIR)/VideoKit_2.6/3rd-party/openSSL/lib",
					"$(PROJECT_DIR)/VideoKit_2.6/Core",
				);
				OTHER_LDFLAGS = (
					"$(inherited)",
					"-ObjC",
					"-lc++",
				);
				PRODUCT_BUNDLE_IDENTIFIER = com.owal.mobile.ios;
				PRODUCT_NAME = owalMobile;
				PROVISIONING_PROFILE = "cfc6bf37-bc86-4d96-9aee-1834dab1704f";
				PROVISIONING_PROFILE_SPECIFIER = OwalMobileAPNs;
				VERSIONING_SYSTEM = "apple-generic";
			};
			name = Debug;
		};
		13B07F951A680F5B00A75B9A /* Release */ = {
			isa = XCBuildConfiguration;
			baseConfigurationReference = 6662AF093DBF9630FF7C8F73 /* Pods-owalMobile.release.xcconfig */;
			buildSettings = {
				ASSETCATALOG_COMPILER_APPICON_NAME = AppIcon;
				CODE_SIGN_ENTITLEMENTS = owalMobile/owalMobile.entitlements;
				CODE_SIGN_IDENTITY = "iPhone Developer: apple@owal.io (PCFAYYNZM6)";
				"CODE_SIGN_IDENTITY[sdk=iphoneos*]" = "iPhone Developer";
				CURRENT_PROJECT_VERSION = 16;
				DEVELOPMENT_TEAM = MHEL4UWLN7;
				ENABLE_BITCODE = NO;
				FRAMEWORK_SEARCH_PATHS = (
					"$(inherited)",
					"$(PROJECT_DIR)",
					"~/Documents/FacebookSDK",
				);
				HEADER_SEARCH_PATHS = (
					"$(inherited)",
					/Applications/Xcode.app/Contents/Developer/Toolchains/XcodeDefault.xctoolchain/usr/include,
					"$(SRCROOT)/../node_modules/react-native/React/**",
					"./VideoKit_2.6/3rd-party/ffmpeg/include",
					"$(SRCROOT)/../node_modules/react-native-orientation/iOS/RCTOrientation/**",
					"$(SRCROOT)/../node_modules/react-native-fcm/ios",
				);
				INFOPLIST_FILE = owalMobile/Info.plist;
				IPHONEOS_DEPLOYMENT_TARGET = 10.1;
				LD_RUNPATH_SEARCH_PATHS = "$(inherited) @executable_path/Frameworks";
				LIBRARY_SEARCH_PATHS = (
					"$(inherited)",
					"$(PROJECT_DIR)/VideoKit/3rd-party/ffmpeg/lib",
					"$(PROJECT_DIR)/VideoKit/3rd-party/openSSL/lib",
					"$(PROJECT_DIR)/VideoKit/Core",
					"$(PROJECT_DIR)/VideoKit_2.6/3rd-party/ffmpeg/lib",
					"$(PROJECT_DIR)/VideoKit_2.6/3rd-party/openSSL/lib",
					"$(PROJECT_DIR)/VideoKit_2.6/Core",
				);
				OTHER_LDFLAGS = (
					"$(inherited)",
					"-ObjC",
					"-lc++",
				);
				PRODUCT_BUNDLE_IDENTIFIER = com.owal.mobile.ios;
				PRODUCT_NAME = owalMobile;
				PROVISIONING_PROFILE = "cfc6bf37-bc86-4d96-9aee-1834dab1704f";
				PROVISIONING_PROFILE_SPECIFIER = OwalMobileAPNs;
				VERSIONING_SYSTEM = "apple-generic";
			};
			name = Release;
		};
		83CBBA201A601CBA00E9B192 /* Debug */ = {
			isa = XCBuildConfiguration;
			buildSettings = {
				ALWAYS_SEARCH_USER_PATHS = NO;
				CLANG_CXX_LANGUAGE_STANDARD = "gnu++0x";
				CLANG_CXX_LIBRARY = "libc++";
				CLANG_ENABLE_MODULES = YES;
				CLANG_ENABLE_OBJC_ARC = YES;
				CLANG_WARN_BOOL_CONVERSION = YES;
				CLANG_WARN_CONSTANT_CONVERSION = YES;
				CLANG_WARN_DIRECT_OBJC_ISA_USAGE = YES_ERROR;
				CLANG_WARN_EMPTY_BODY = YES;
				CLANG_WARN_ENUM_CONVERSION = YES;
				CLANG_WARN_INT_CONVERSION = YES;
				CLANG_WARN_OBJC_ROOT_CLASS = YES_ERROR;
				CLANG_WARN_UNREACHABLE_CODE = YES;
				CLANG_WARN__DUPLICATE_METHOD_MATCH = YES;
				"CODE_SIGN_IDENTITY[sdk=iphoneos*]" = "iPhone Developer";
				COPY_PHASE_STRIP = NO;
				ENABLE_STRICT_OBJC_MSGSEND = YES;
				GCC_C_LANGUAGE_STANDARD = gnu99;
				GCC_DYNAMIC_NO_PIC = NO;
				GCC_OPTIMIZATION_LEVEL = 0;
				GCC_PREPROCESSOR_DEFINITIONS = (
					"DEBUG=1",
					"$(inherited)",
				);
				GCC_SYMBOLS_PRIVATE_EXTERN = NO;
				GCC_WARN_64_TO_32_BIT_CONVERSION = YES;
				GCC_WARN_ABOUT_RETURN_TYPE = YES_ERROR;
				GCC_WARN_UNDECLARED_SELECTOR = YES;
				GCC_WARN_UNINITIALIZED_AUTOS = YES_AGGRESSIVE;
				GCC_WARN_UNUSED_FUNCTION = YES;
				GCC_WARN_UNUSED_VARIABLE = YES;
				HEADER_SEARCH_PATHS = (
					"$(inherited)",
					/Applications/Xcode.app/Contents/Developer/Toolchains/XcodeDefault.xctoolchain/usr/include,
					"$(SRCROOT)/../node_modules/react-native/React/**",
					"$(SRCROOT)/../node_modules/react-native-orientation/iOS/RCTOrientation/**",
					"$(SRCROOT)/../node_modules/react-native-fcm/ios",
				);
				IPHONEOS_DEPLOYMENT_TARGET = 9.3;
				MTL_ENABLE_DEBUG_INFO = YES;
				ONLY_ACTIVE_ARCH = YES;
				SDKROOT = iphoneos;
			};
			name = Debug;
		};
		83CBBA211A601CBA00E9B192 /* Release */ = {
			isa = XCBuildConfiguration;
			buildSettings = {
				ALWAYS_SEARCH_USER_PATHS = NO;
				CLANG_CXX_LANGUAGE_STANDARD = "gnu++0x";
				CLANG_CXX_LIBRARY = "libc++";
				CLANG_ENABLE_MODULES = YES;
				CLANG_ENABLE_OBJC_ARC = YES;
				CLANG_WARN_BOOL_CONVERSION = YES;
				CLANG_WARN_CONSTANT_CONVERSION = YES;
				CLANG_WARN_DIRECT_OBJC_ISA_USAGE = YES_ERROR;
				CLANG_WARN_EMPTY_BODY = YES;
				CLANG_WARN_ENUM_CONVERSION = YES;
				CLANG_WARN_INT_CONVERSION = YES;
				CLANG_WARN_OBJC_ROOT_CLASS = YES_ERROR;
				CLANG_WARN_UNREACHABLE_CODE = YES;
				CLANG_WARN__DUPLICATE_METHOD_MATCH = YES;
				"CODE_SIGN_IDENTITY[sdk=iphoneos*]" = "iPhone Developer";
				COPY_PHASE_STRIP = YES;
				ENABLE_NS_ASSERTIONS = NO;
				ENABLE_STRICT_OBJC_MSGSEND = YES;
				GCC_C_LANGUAGE_STANDARD = gnu99;
				GCC_WARN_64_TO_32_BIT_CONVERSION = YES;
				GCC_WARN_ABOUT_RETURN_TYPE = YES_ERROR;
				GCC_WARN_UNDECLARED_SELECTOR = YES;
				GCC_WARN_UNINITIALIZED_AUTOS = YES_AGGRESSIVE;
				GCC_WARN_UNUSED_FUNCTION = YES;
				GCC_WARN_UNUSED_VARIABLE = YES;
				HEADER_SEARCH_PATHS = (
					"$(inherited)",
					/Applications/Xcode.app/Contents/Developer/Toolchains/XcodeDefault.xctoolchain/usr/include,
					"$(SRCROOT)/../node_modules/react-native/React/**",
					"$(SRCROOT)/../node_modules/react-native-orientation/iOS/RCTOrientation/**",
					"$(SRCROOT)/../node_modules/react-native-fcm/ios",
				);
				IPHONEOS_DEPLOYMENT_TARGET = 9.3;
				MTL_ENABLE_DEBUG_INFO = NO;
				SDKROOT = iphoneos;
				VALIDATE_PRODUCT = YES;
			};
			name = Release;
		};
/* End XCBuildConfiguration section */

/* Begin XCConfigurationList section */
		13B07F931A680F5B00A75B9A /* Build configuration list for PBXNativeTarget "owalMobile" */ = {
			isa = XCConfigurationList;
			buildConfigurations = (
				13B07F941A680F5B00A75B9A /* Debug */,
				13B07F951A680F5B00A75B9A /* Release */,
			);
			defaultConfigurationIsVisible = 0;
			defaultConfigurationName = Release;
		};
		83CBB9FA1A601CBA00E9B192 /* Build configuration list for PBXProject "owalMobile" */ = {
			isa = XCConfigurationList;
			buildConfigurations = (
				83CBBA201A601CBA00E9B192 /* Debug */,
				83CBBA211A601CBA00E9B192 /* Release */,
			);
			defaultConfigurationIsVisible = 0;
			defaultConfigurationName = Release;
		};
/* End XCConfigurationList section */
	};
	rootObject = 83CBB9F71A601CBA00E9B192 /* Project object */;
}
