// !$*UTF8*$!
{
	archiveVersion = 1;
	classes = {
	};
	objectVersion = 46;
	objects = {

/* Begin PBXBuildFile section */
		6612F5A81D413DBC006E08AB /* OwalProtos.h in CopyFiles */ = {isa = PBXBuildFile; fileRef = 6612F5A71D413DBC006E08AB /* OwalProtos.h */; };
		6630E2981D523E9E003A20AF /* Credentials.pbobjc.m in Sources */ = {isa = PBXBuildFile; fileRef = 6630E28F1D523E9E003A20AF /* Credentials.pbobjc.m */; };
		6630E29A1D523E9E003A20AF /* Incident.pbobjc.m in Sources */ = {isa = PBXBuildFile; fileRef = 6630E2931D523E9E003A20AF /* Incident.pbobjc.m */; };
		6630E29C1D523E9E003A20AF /* Types.pbobjc.m in Sources */ = {isa = PBXBuildFile; fileRef = 6630E2971D523E9E003A20AF /* Types.pbobjc.m */; };
		66635ED91D526E3100002065 /* libProtocolBuffers.a in Frameworks */ = {isa = PBXBuildFile; fileRef = 66635ED21D526DF600002065 /* libProtocolBuffers.a */; };
		667E0FD31D5CBF5600A3555B /* Camera.pbobjc.m in Sources */ = {isa = PBXBuildFile; fileRef = 667E0FD01D5CBF5600A3555B /* Camera.pbobjc.m */; };
		667E0FD41D5CBF5600A3555B /* Clip.pbobjc.m in Sources */ = {isa = PBXBuildFile; fileRef = 667E0FD21D5CBF5600A3555B /* Clip.pbobjc.m */; };
		667E0FD91D5CBF6300A3555B /* Domain.pbobjc.m in Sources */ = {isa = PBXBuildFile; fileRef = 667E0FD61D5CBF6300A3555B /* Domain.pbobjc.m */; };
		667E0FDA1D5CBF6300A3555B /* Service.pbobjc.m in Sources */ = {isa = PBXBuildFile; fileRef = 667E0FD81D5CBF6300A3555B /* Service.pbobjc.m */; };
/* End PBXBuildFile section */

/* Begin PBXContainerItemProxy section */
		66635ED11D526DF600002065 /* PBXContainerItemProxy */ = {
			isa = PBXContainerItemProxy;
			containerPortal = 66635EC91D526DF600002065 /* ProtocolBuffers_iOS.xcodeproj */;
			proxyType = 2;
			remoteGlobalIDString = 7461B52E0F94FAF800A0C422;
			remoteInfo = ProtocolBuffers;
		};
		66635ED31D526DF600002065 /* PBXContainerItemProxy */ = {
			isa = PBXContainerItemProxy;
			containerPortal = 66635EC91D526DF600002065 /* ProtocolBuffers_iOS.xcodeproj */;
			proxyType = 2;
			remoteGlobalIDString = 8BBEA4A6147C727100C4ADB7;
			remoteInfo = UnitTests;
		};
		66635ED51D526DF600002065 /* PBXContainerItemProxy */ = {
			isa = PBXContainerItemProxy;
			containerPortal = 66635EC91D526DF600002065 /* ProtocolBuffers_iOS.xcodeproj */;
			proxyType = 2;
			remoteGlobalIDString = 8B9A5EA51831993600A9D33B;
			remoteInfo = iOSTestHarness;
		};
		66635ED71D526DF600002065 /* PBXContainerItemProxy */ = {
			isa = PBXContainerItemProxy;
			containerPortal = 66635EC91D526DF600002065 /* ProtocolBuffers_iOS.xcodeproj */;
			proxyType = 2;
			remoteGlobalIDString = F4487C6E1A9F8F8100531423;
			remoteInfo = TestSingleSourceBuild;
		};
/* End PBXContainerItemProxy section */

/* Begin PBXCopyFilesBuildPhase section */
		6612F5A21D413DBC006E08AB /* CopyFiles */ = {
			isa = PBXCopyFilesBuildPhase;
			buildActionMask = 2147483647;
			dstPath = "include/$(PRODUCT_NAME)";
			dstSubfolderSpec = 16;
			files = (
				6612F5A81D413DBC006E08AB /* OwalProtos.h in CopyFiles */,
			);
			runOnlyForDeploymentPostprocessing = 0;
		};
/* End PBXCopyFilesBuildPhase section */

/* Begin PBXFileReference section */
		6612F5A41D413DBC006E08AB /* libOwalProtos.a */ = {isa = PBXFileReference; explicitFileType = archive.ar; includeInIndex = 0; path = libOwalProtos.a; sourceTree = BUILT_PRODUCTS_DIR; };
		6612F5A71D413DBC006E08AB /* OwalProtos.h */ = {isa = PBXFileReference; lastKnownFileType = sourcecode.c.h; path = OwalProtos.h; sourceTree = "<group>"; };
		6630E28E1D523E9E003A20AF /* Credentials.pbobjc.h */ = {isa = PBXFileReference; fileEncoding = 4; lastKnownFileType = sourcecode.c.h; path = Credentials.pbobjc.h; sourceTree = "<group>"; };
		6630E28F1D523E9E003A20AF /* Credentials.pbobjc.m */ = {isa = PBXFileReference; fileEncoding = 4; lastKnownFileType = sourcecode.c.objc; path = Credentials.pbobjc.m; sourceTree = "<group>"; };
		6630E2921D523E9E003A20AF /* Incident.pbobjc.h */ = {isa = PBXFileReference; fileEncoding = 4; lastKnownFileType = sourcecode.c.h; path = Incident.pbobjc.h; sourceTree = "<group>"; };
		6630E2931D523E9E003A20AF /* Incident.pbobjc.m */ = {isa = PBXFileReference; fileEncoding = 4; lastKnownFileType = sourcecode.c.objc; path = Incident.pbobjc.m; sourceTree = "<group>"; };
		6630E2961D523E9E003A20AF /* Types.pbobjc.h */ = {isa = PBXFileReference; fileEncoding = 4; lastKnownFileType = sourcecode.c.h; path = Types.pbobjc.h; sourceTree = "<group>"; };
		6630E2971D523E9E003A20AF /* Types.pbobjc.m */ = {isa = PBXFileReference; fileEncoding = 4; lastKnownFileType = sourcecode.c.objc; path = Types.pbobjc.m; sourceTree = "<group>"; };
		66635EC91D526DF600002065 /* ProtocolBuffers_iOS.xcodeproj */ = {isa = PBXFileReference; lastKnownFileType = "wrapper.pb-project"; name = ProtocolBuffers_iOS.xcodeproj; path = ../../../protobuf/objectivec/ProtocolBuffers_iOS.xcodeproj; sourceTree = "<group>"; };
		667E0FCF1D5CBF5600A3555B /* Camera.pbobjc.h */ = {isa = PBXFileReference; fileEncoding = 4; lastKnownFileType = sourcecode.c.h; path = Camera.pbobjc.h; sourceTree = "<group>"; };
		667E0FD01D5CBF5600A3555B /* Camera.pbobjc.m */ = {isa = PBXFileReference; fileEncoding = 4; lastKnownFileType = sourcecode.c.objc; path = Camera.pbobjc.m; sourceTree = "<group>"; };
		667E0FD11D5CBF5600A3555B /* Clip.pbobjc.h */ = {isa = PBXFileReference; fileEncoding = 4; lastKnownFileType = sourcecode.c.h; path = Clip.pbobjc.h; sourceTree = "<group>"; };
		667E0FD21D5CBF5600A3555B /* Clip.pbobjc.m */ = {isa = PBXFileReference; fileEncoding = 4; lastKnownFileType = sourcecode.c.objc; path = Clip.pbobjc.m; sourceTree = "<group>"; };
		667E0FD51D5CBF6300A3555B /* Domain.pbobjc.h */ = {isa = PBXFileReference; fileEncoding = 4; lastKnownFileType = sourcecode.c.h; path = Domain.pbobjc.h; sourceTree = "<group>"; };
		667E0FD61D5CBF6300A3555B /* Domain.pbobjc.m */ = {isa = PBXFileReference; fileEncoding = 4; lastKnownFileType = sourcecode.c.objc; path = Domain.pbobjc.m; sourceTree = "<group>"; };
		667E0FD71D5CBF6300A3555B /* Service.pbobjc.h */ = {isa = PBXFileReference; fileEncoding = 4; lastKnownFileType = sourcecode.c.h; path = Service.pbobjc.h; sourceTree = "<group>"; };
		667E0FD81D5CBF6300A3555B /* Service.pbobjc.m */ = {isa = PBXFileReference; fileEncoding = 4; lastKnownFileType = sourcecode.c.objc; path = Service.pbobjc.m; sourceTree = "<group>"; };
/* End PBXFileReference section */

/* Begin PBXFrameworksBuildPhase section */
		6612F5A11D413DBC006E08AB /* Frameworks */ = {
			isa = PBXFrameworksBuildPhase;
			buildActionMask = 2147483647;
			files = (
				66635ED91D526E3100002065 /* libProtocolBuffers.a in Frameworks */,
			);
			runOnlyForDeploymentPostprocessing = 0;
		};
/* End PBXFrameworksBuildPhase section */

/* Begin PBXGroup section */
		6612F59B1D413DBC006E08AB = {
			isa = PBXGroup;
			children = (
				6612F5D61D414007006E08AB /* Scripts */,
				6612F5C51D413FC4006E08AB /* Libraries */,
				6612F5A61D413DBC006E08AB /* OwalProtos */,
				6612F5A51D413DBC006E08AB /* Products */,
			);
			sourceTree = "<group>";
		};
		6612F5A51D413DBC006E08AB /* Products */ = {
			isa = PBXGroup;
			children = (
				6612F5A41D413DBC006E08AB /* libOwalProtos.a */,
			);
			name = Products;
			sourceTree = "<group>";
		};
		6612F5A61D413DBC006E08AB /* OwalProtos */ = {
			isa = PBXGroup;
			children = (
				6630E28D1D523E9E003A20AF /* proto */,
				6612F5A71D413DBC006E08AB /* OwalProtos.h */,
			);
			path = OwalProtos;
			sourceTree = "<group>";
		};
		6612F5C51D413FC4006E08AB /* Libraries */ = {
			isa = PBXGroup;
			children = (
				66635EC91D526DF600002065 /* ProtocolBuffers_iOS.xcodeproj */,
			);
			name = Libraries;
			sourceTree = "<group>";
		};
		6612F5D61D414007006E08AB /* Scripts */ = {
			isa = PBXGroup;
			children = (
			);
			name = Scripts;
			sourceTree = "<group>";
		};
		6630E28D1D523E9E003A20AF /* proto */ = {
			isa = PBXGroup;
			children = (
				667E0FCF1D5CBF5600A3555B /* Camera.pbobjc.h */,
				667E0FD01D5CBF5600A3555B /* Camera.pbobjc.m */,
				667E0FD11D5CBF5600A3555B /* Clip.pbobjc.h */,
				667E0FD21D5CBF5600A3555B /* Clip.pbobjc.m */,
				6630E28E1D523E9E003A20AF /* Credentials.pbobjc.h */,
				6630E28F1D523E9E003A20AF /* Credentials.pbobjc.m */,
				667E0FD51D5CBF6300A3555B /* Domain.pbobjc.h */,
				667E0FD61D5CBF6300A3555B /* Domain.pbobjc.m */,
				6630E2921D523E9E003A20AF /* Incident.pbobjc.h */,
				6630E2931D523E9E003A20AF /* Incident.pbobjc.m */,
				667E0FD71D5CBF6300A3555B /* Service.pbobjc.h */,
				667E0FD81D5CBF6300A3555B /* Service.pbobjc.m */,
				6630E2961D523E9E003A20AF /* Types.pbobjc.h */,
				6630E2971D523E9E003A20AF /* Types.pbobjc.m */,
			);
			name = proto;
			path = protos/proto;
			sourceTree = SOURCE_ROOT;
		};
		66635ECA1D526DF600002065 /* Products */ = {
			isa = PBXGroup;
			children = (
				66635ED21D526DF600002065 /* libProtocolBuffers.a */,
				66635ED41D526DF600002065 /* UnitTests.xctest */,
				66635ED61D526DF600002065 /* iOSTestHarness.app */,
				66635ED81D526DF600002065 /* libTestSingleSourceBuild.a */,
			);
			name = Products;
			sourceTree = "<group>";
		};
/* End PBXGroup section */

/* Begin PBXNativeTarget section */
		6612F5A31D413DBC006E08AB /* OwalProtos */ = {
			isa = PBXNativeTarget;
			buildConfigurationList = 6612F5AD1D413DBC006E08AB /* Build configuration list for PBXNativeTarget "OwalProtos" */;
			buildPhases = (
				6612F5D71D414093006E08AB /* Run Script (Build Protos) */,
				6612F5A01D413DBC006E08AB /* Sources */,
				6612F5A11D413DBC006E08AB /* Frameworks */,
				6612F5A21D413DBC006E08AB /* CopyFiles */,
			);
			buildRules = (
			);
			dependencies = (
			);
			name = OwalProtos;
			productName = OwalProtos;
			productReference = 6612F5A41D413DBC006E08AB /* libOwalProtos.a */;
			productType = "com.apple.product-type.library.static";
		};
/* End PBXNativeTarget section */

/* Begin PBXProject section */
		6612F59C1D413DBC006E08AB /* Project object */ = {
			isa = PBXProject;
			attributes = {
				LastUpgradeCheck = 0730;
				ORGANIZATIONNAME = "Owal, Inc.";
				TargetAttributes = {
					6612F5A31D413DBC006E08AB = {
						CreatedOnToolsVersion = 7.3.1;
					};
				};
			};
			buildConfigurationList = 6612F59F1D413DBC006E08AB /* Build configuration list for PBXProject "OwalProtos" */;
			compatibilityVersion = "Xcode 3.2";
			developmentRegion = English;
			hasScannedForEncodings = 0;
			knownRegions = (
				en,
			);
			mainGroup = 6612F59B1D413DBC006E08AB;
			productRefGroup = 6612F5A51D413DBC006E08AB /* Products */;
			projectDirPath = "";
			projectReferences = (
				{
					ProductGroup = 66635ECA1D526DF600002065 /* Products */;
					ProjectRef = 66635EC91D526DF600002065 /* ProtocolBuffers_iOS.xcodeproj */;
				},
			);
			projectRoot = "";
			targets = (
				6612F5A31D413DBC006E08AB /* OwalProtos */,
			);
		};
/* End PBXProject section */

/* Begin PBXReferenceProxy section */
		66635ED21D526DF600002065 /* libProtocolBuffers.a */ = {
			isa = PBXReferenceProxy;
			fileType = archive.ar;
			path = libProtocolBuffers.a;
			remoteRef = 66635ED11D526DF600002065 /* PBXContainerItemProxy */;
			sourceTree = BUILT_PRODUCTS_DIR;
		};
		66635ED41D526DF600002065 /* UnitTests.xctest */ = {
			isa = PBXReferenceProxy;
			fileType = wrapper.cfbundle;
			path = UnitTests.xctest;
			remoteRef = 66635ED31D526DF600002065 /* PBXContainerItemProxy */;
			sourceTree = BUILT_PRODUCTS_DIR;
		};
		66635ED61D526DF600002065 /* iOSTestHarness.app */ = {
			isa = PBXReferenceProxy;
			fileType = wrapper.application;
			path = iOSTestHarness.app;
			remoteRef = 66635ED51D526DF600002065 /* PBXContainerItemProxy */;
			sourceTree = BUILT_PRODUCTS_DIR;
		};
		66635ED81D526DF600002065 /* libTestSingleSourceBuild.a */ = {
			isa = PBXReferenceProxy;
			fileType = archive.ar;
			path = libTestSingleSourceBuild.a;
			remoteRef = 66635ED71D526DF600002065 /* PBXContainerItemProxy */;
			sourceTree = BUILT_PRODUCTS_DIR;
		};
/* End PBXReferenceProxy section */

/* Begin PBXShellScriptBuildPhase section */
		6612F5D71D414093006E08AB /* Run Script (Build Protos) */ = {
			isa = PBXShellScriptBuildPhase;
			buildActionMask = 2147483647;
			files = (
			);
			inputPaths = (
			);
			name = "Run Script (Build Protos)";
			outputPaths = (
			);
			runOnlyForDeploymentPostprocessing = 0;
			shellPath = /bin/sh;
			shellScript = "./Scripts/build-protos.sh";
		};
/* End PBXShellScriptBuildPhase section */

/* Begin PBXSourcesBuildPhase section */
		6612F5A01D413DBC006E08AB /* Sources */ = {
			isa = PBXSourcesBuildPhase;
			buildActionMask = 2147483647;
			files = (
				667E0FDA1D5CBF6300A3555B /* Service.pbobjc.m in Sources */,
				6630E29A1D523E9E003A20AF /* Incident.pbobjc.m in Sources */,
				667E0FD31D5CBF5600A3555B /* Camera.pbobjc.m in Sources */,
				667E0FD91D5CBF6300A3555B /* Domain.pbobjc.m in Sources */,
				6630E29C1D523E9E003A20AF /* Types.pbobjc.m in Sources */,
				667E0FD41D5CBF5600A3555B /* Clip.pbobjc.m in Sources */,
				6630E2981D523E9E003A20AF /* Credentials.pbobjc.m in Sources */,
			);
			runOnlyForDeploymentPostprocessing = 0;
		};
/* End PBXSourcesBuildPhase section */

/* Begin XCBuildConfiguration section */
		6612F5AB1D413DBC006E08AB /* Debug */ = {
			isa = XCBuildConfiguration;
			buildSettings = {
				ALWAYS_SEARCH_USER_PATHS = NO;
				CLANG_ANALYZER_NONNULL = YES;
				CLANG_CXX_LANGUAGE_STANDARD = "gnu++0x";
				CLANG_CXX_LIBRARY = "libc++";
				CLANG_ENABLE_MODULES = YES;
				CLANG_ENABLE_OBJC_ARC = YES;
				CLANG_WARN_BOOL_CONVERSION = YES;
				CLANG_WARN_CONSTANT_CONVERSION = YES;
				CLANG_WARN_DIRECT_OBJC_ISA_USAGE = YES_ERROR;
				CLANG_WARN_EMPTY_BODY = YES;
				CLANG_WARN_ENUM_CONVERSION = YES;
				CLANG_WARN_INT_CONVERSION = YES;
				CLANG_WARN_OBJC_ROOT_CLASS = YES_ERROR;
				CLANG_WARN_UNREACHABLE_CODE = YES;
				CLANG_WARN__DUPLICATE_METHOD_MATCH = YES;
				"CODE_SIGN_IDENTITY[sdk=iphoneos*]" = "iPhone Developer";
				COPY_PHASE_STRIP = NO;
				DEBUG_INFORMATION_FORMAT = dwarf;
				ENABLE_STRICT_OBJC_MSGSEND = YES;
				ENABLE_TESTABILITY = YES;
				GCC_C_LANGUAGE_STANDARD = gnu99;
				GCC_DYNAMIC_NO_PIC = NO;
				GCC_NO_COMMON_BLOCKS = YES;
				GCC_OPTIMIZATION_LEVEL = 0;
				GCC_PREPROCESSOR_DEFINITIONS = (
					"DEBUG=1",
					"$(inherited)",
				);
				GCC_WARN_64_TO_32_BIT_CONVERSION = YES;
				GCC_WARN_ABOUT_RETURN_TYPE = YES_ERROR;
				GCC_WARN_UNDECLARED_SELECTOR = YES;
				GCC_WARN_UNINITIALIZED_AUTOS = YES_AGGRESSIVE;
				GCC_WARN_UNUSED_FUNCTION = YES;
				GCC_WARN_UNUSED_VARIABLE = YES;
				IPHONEOS_DEPLOYMENT_TARGET = 9.3;
				MTL_ENABLE_DEBUG_INFO = YES;
				ONLY_ACTIVE_ARCH = YES;
				SDKROOT = iphoneos;
				SKIP_INSTALL = YES;
			};
			name = Debug;
		};
		6612F5AC1D413DBC006E08AB /* Release */ = {
			isa = XCBuildConfiguration;
			buildSettings = {
				ALWAYS_SEARCH_USER_PATHS = NO;
				CLANG_ANALYZER_NONNULL = YES;
				CLANG_CXX_LANGUAGE_STANDARD = "gnu++0x";
				CLANG_CXX_LIBRARY = "libc++";
				CLANG_ENABLE_MODULES = YES;
				CLANG_ENABLE_OBJC_ARC = YES;
				CLANG_WARN_BOOL_CONVERSION = YES;
				CLANG_WARN_CONSTANT_CONVERSION = YES;
				CLANG_WARN_DIRECT_OBJC_ISA_USAGE = YES_ERROR;
				CLANG_WARN_EMPTY_BODY = YES;
				CLANG_WARN_ENUM_CONVERSION = YES;
				CLANG_WARN_INT_CONVERSION = YES;
				CLANG_WARN_OBJC_ROOT_CLASS = YES_ERROR;
				CLANG_WARN_UNREACHABLE_CODE = YES;
				CLANG_WARN__DUPLICATE_METHOD_MATCH = YES;
				"CODE_SIGN_IDENTITY[sdk=iphoneos*]" = "iPhone Developer";
				COPY_PHASE_STRIP = NO;
				DEBUG_INFORMATION_FORMAT = "dwarf-with-dsym";
				ENABLE_NS_ASSERTIONS = NO;
				ENABLE_STRICT_OBJC_MSGSEND = YES;
				GCC_C_LANGUAGE_STANDARD = gnu99;
				GCC_NO_COMMON_BLOCKS = YES;
				GCC_WARN_64_TO_32_BIT_CONVERSION = YES;
				GCC_WARN_ABOUT_RETURN_TYPE = YES_ERROR;
				GCC_WARN_UNDECLARED_SELECTOR = YES;
				GCC_WARN_UNINITIALIZED_AUTOS = YES_AGGRESSIVE;
				GCC_WARN_UNUSED_FUNCTION = YES;
				GCC_WARN_UNUSED_VARIABLE = YES;
				IPHONEOS_DEPLOYMENT_TARGET = 9.3;
				MTL_ENABLE_DEBUG_INFO = NO;
				SDKROOT = iphoneos;
				SKIP_INSTALL = YES;
				VALIDATE_PRODUCT = YES;
			};
			name = Release;
		};
		6612F5AE1D413DBC006E08AB /* Debug */ = {
			isa = XCBuildConfiguration;
			buildSettings = {
				CLANG_ENABLE_OBJC_ARC = NO;
				HEADER_SEARCH_PATHS = (
					"$(SRCROOT)/../../../protobuf/objectivec/",
					"$(SRCROOT)/protos",
				);
				OTHER_LDFLAGS = "-ObjC";
				PRODUCT_NAME = "$(TARGET_NAME)";
				SKIP_INSTALL = YES;
			};
			name = Debug;
		};
		6612F5AF1D413DBC006E08AB /* Release */ = {
			isa = XCBuildConfiguration;
			buildSettings = {
				CLANG_ENABLE_OBJC_ARC = NO;
				HEADER_SEARCH_PATHS = (
					"$(SRCROOT)/../../../protobuf/objectivec/",
					"$(SRCROOT)/protos",
				);
				OTHER_LDFLAGS = "-ObjC";
				PRODUCT_NAME = "$(TARGET_NAME)";
				SKIP_INSTALL = YES;
			};
			name = Release;
		};
/* End XCBuildConfiguration section */

/* Begin XCConfigurationList section */
		6612F59F1D413DBC006E08AB /* Build configuration list for PBXProject "OwalProtos" */ = {
			isa = XCConfigurationList;
			buildConfigurations = (
				6612F5AB1D413DBC006E08AB /* Debug */,
				6612F5AC1D413DBC006E08AB /* Release */,
			);
			defaultConfigurationIsVisible = 0;
			defaultConfigurationName = Release;
		};
		6612F5AD1D413DBC006E08AB /* Build configuration list for PBXNativeTarget "OwalProtos" */ = {
			isa = XCConfigurationList;
			buildConfigurations = (
				6612F5AE1D413DBC006E08AB /* Debug */,
				6612F5AF1D413DBC006E08AB /* Release */,
			);
			defaultConfigurationIsVisible = 0;
			defaultConfigurationName = Release;
		};
/* End XCConfigurationList section */
	};
	rootObject = 6612F59C1D413DBC006E08AB /* Project object */;
}
